// !$*UTF8*$!
{
	archiveVersion = 1;
	classes = {
	};
	objectVersion = 42;
	objects = {

/* Begin PBXFileReference section */
		A024BFD30EAE4A4F007B6740 /* Makefile */ = {isa = PBXFileReference; fileEncoding = 4; indentWidth = 8; lastKnownFileType = sourcecode.make; path = Makefile; sourceTree = "<group>"; tabWidth = 8; };
		A024BFD40EAE4A4F007B6740 /* mod_simple.c */ = {isa = PBXFileReference; fileEncoding = 4; lastKnownFileType = sourcecode.c.c; path = mod_simple.c; sourceTree = "<group>"; };
		A024BFD60EAE4A4F007B6740 /* simple-loader.c */ = {isa = PBXFileReference; fileEncoding = 4; lastKnownFileType = sourcecode.c.c; path = "simple-loader.c"; sourceTree = "<group>"; };
		A024BFD80EAE4ACF007B6740 /* acinclude.m4 */ = {isa = PBXFileReference; fileEncoding = 4; lastKnownFileType = text; path = acinclude.m4; sourceTree = "<group>"; };
		A024BFD90EAE4ACF007B6740 /* AUTHORS */ = {isa = PBXFileReference; fileEncoding = 4; lastKnownFileType = text; path = AUTHORS; sourceTree = "<group>"; };
		A024BFDA0EAE4ACF007B6740 /* ChangeLog */ = {isa = PBXFileReference; fileEncoding = 4; lastKnownFileType = text; path = ChangeLog; sourceTree = "<group>"; };
		A024BFDB0EAE4ACF007B6740 /* configure.ac */ = {isa = PBXFileReference; fileEncoding = 4; lastKnownFileType = text; path = configure.ac; sourceTree = "<group>"; };
		A024BFDC0EAE4ACF007B6740 /* COPYING */ = {isa = PBXFileReference; fileEncoding = 4; lastKnownFileType = text; path = COPYING; sourceTree = "<group>"; };
		A024BFDD0EAE4ACF007B6740 /* INSTALL */ = {isa = PBXFileReference; fileEncoding = 4; lastKnownFileType = text; path = INSTALL; sourceTree = "<group>"; };
		A024BFDE0EAE4ACF007B6740 /* Makefile.am */ = {isa = PBXFileReference; fileEncoding = 4; lastKnownFileType = text; path = Makefile.am; sourceTree = "<group>"; };
		A024BFDF0EAE4ACF007B6740 /* NEWS */ = {isa = PBXFileReference; fileEncoding = 4; lastKnownFileType = text; path = NEWS; sourceTree = "<group>"; };
		A024BFE00EAE4ACF007B6740 /* README */ = {isa = PBXFileReference; fileEncoding = 4; lastKnownFileType = text; path = README; sourceTree = "<group>"; };
		A024BFE20EAE4AEF007B6740 /* spear.h */ = {isa = PBXFileReference; fileEncoding = 4; lastKnownFileType = sourcecode.c.h; path = spear.h; sourceTree = "<group>"; };
		A024BFE40EAE4B11007B6740 /* spear.texi */ = {isa = PBXFileReference; fileEncoding = 4; lastKnownFileType = text; path = spear.texi; sourceTree = "<group>"; };
		A024BFF10EAE4DE5007B6740 /* Makefile */ = {isa = PBXFileReference; fileEncoding = 4; lastKnownFileType = sourcecode.make; path = Makefile; sourceTree = "<group>"; };
		A024BFF20EAE4DE5007B6740 /* example.h */ = {isa = PBXFileReference; fileEncoding = 4; lastKnownFileType = sourcecode.c.h; path = example.h; sourceTree = "<group>"; };
		A024BFF30EAE4DE5007B6740 /* simple-bdb.c */ = {isa = PBXFileReference; fileEncoding = 4; lastKnownFileType = sourcecode.c.c; path = "simple-bdb.c"; sourceTree = "<group>"; };
		A024BFF40EAE4DE5007B6740 /* simple-bdbenv.c */ = {isa = PBXFileReference; fileEncoding = 4; lastKnownFileType = sourcecode.c.c; path = "simple-bdbenv.c"; sourceTree = "<group>"; };
		A024BFF70EAE4DE5007B6740 /* binexample */ = {isa = PBXFileReference; lastKnownFileType = file; path = binexample; sourceTree = "<group>"; };
		A024BFF80EAE4DE5007B6740 /* binexample.exe */ = {isa = PBXFileReference; lastKnownFileType = file; path = binexample.exe; sourceTree = "<group>"; };
		A024BFF90EAE4DE5007B6740 /* binexample.ilk */ = {isa = PBXFileReference; fileEncoding = 4; lastKnownFileType = text; path = binexample.ilk; sourceTree = "<group>"; };
		A024BFFA0EAE4DE5007B6740 /* binexample.obj */ = {isa = PBXFileReference; lastKnownFileType = file; path = binexample.obj; sourceTree = "<group>"; };
		A024BFFB0EAE4DE5007B6740 /* binexample.pch */ = {isa = PBXFileReference; fileEncoding = 4; lastKnownFileType = sourcecode.c.h; path = binexample.pch; sourceTree = "<group>"; };
		A024BFFC0EAE4DE5007B6740 /* binexample.pdb */ = {isa = PBXFileReference; fileEncoding = 4; lastKnownFileType = text; path = binexample.pdb; sourceTree = "<group>"; };
		A024BFFD0EAE4DE5007B6740 /* libexample.dll */ = {isa = PBXFileReference; lastKnownFileType = file; path = libexample.dll; sourceTree = "<group>"; };
		A024BFFE0EAE4DE5007B6740 /* libexample.exp */ = {isa = PBXFileReference; fileEncoding = 4; lastKnownFileType = sourcecode.exports; path = libexample.exp; sourceTree = "<group>"; };
		A024BFFF0EAE4DE5007B6740 /* libexample.ilk */ = {isa = PBXFileReference; fileEncoding = 4; lastKnownFileType = text; path = libexample.ilk; sourceTree = "<group>"; };
		A024C0000EAE4DE5007B6740 /* libexample.lib */ = {isa = PBXFileReference; lastKnownFileType = archive.ar; path = libexample.lib; sourceTree = "<group>"; };
		A024C0010EAE4DE5007B6740 /* libexample.obj */ = {isa = PBXFileReference; lastKnownFileType = file; path = libexample.obj; sourceTree = "<group>"; };
		A024C0020EAE4DE5007B6740 /* libexample.pch */ = {isa = PBXFileReference; fileEncoding = 4; lastKnownFileType = sourcecode.c.h; path = libexample.pch; sourceTree = "<group>"; };
		A024C0030EAE4DE5007B6740 /* libexample.pdb */ = {isa = PBXFileReference; fileEncoding = 4; lastKnownFileType = text; path = libexample.pdb; sourceTree = "<group>"; };
		A024C0040EAE4DE5007B6740 /* libexample.so */ = {isa = PBXFileReference; lastKnownFileType = file; path = libexample.so; sourceTree = "<group>"; };
		A024C0050EAE4DE5007B6740 /* vc60.idb */ = {isa = PBXFileReference; fileEncoding = 4; lastKnownFileType = text; path = vc60.idb; sourceTree = "<group>"; };
		A024C0060EAE4DE5007B6740 /* vc60.pdb */ = {isa = PBXFileReference; fileEncoding = 4; lastKnownFileType = text; path = vc60.pdb; sourceTree = "<group>"; };
		A024C0070EAE4DE5007B6740 /* Makefile */ = {isa = PBXFileReference; fileEncoding = 4; lastKnownFileType = sourcecode.make; path = Makefile; sourceTree = "<group>"; };
		A024C0080EAE4DE5007B6740 /* README.txt */ = {isa = PBXFileReference; fileEncoding = 4; lastKnownFileType = text; path = README.txt; sourceTree = "<group>"; };
		A024C0090EAE4DE5007B6740 /* VBExample.vbp */ = {isa = PBXFileReference; fileEncoding = 4; lastKnownFileType = text; path = VBExample.vbp; sourceTree = "<group>"; };
		A024C00A0EAE4DE5007B6740 /* VBExample.vbw */ = {isa = PBXFileReference; fileEncoding = 4; lastKnownFileType = text; path = VBExample.vbw; sourceTree = "<group>"; };
		A024C00B0EAE4DE5007B6740 /* binexample.dsp */ = {isa = PBXFileReference; fileEncoding = 4; lastKnownFileType = text; path = binexample.dsp; sourceTree = "<group>"; };
		A024C00C0EAE4DE5007B6740 /* binexample.dsw */ = {isa = PBXFileReference; fileEncoding = 4; lastKnownFileType = text; path = binexample.dsw; sourceTree = "<group>"; };
		A024C00D0EAE4DE5007B6740 /* binexample.ncb */ = {isa = PBXFileReference; fileEncoding = 4; lastKnownFileType = text; path = binexample.ncb; sourceTree = "<group>"; };
		A024C00E0EAE4DE5007B6740 /* binexample.opt */ = {isa = PBXFileReference; lastKnownFileType = file; path = binexample.opt; sourceTree = "<group>"; };
		A024C00F0EAE4DE5007B6740 /* binexample.plg */ = {isa = PBXFileReference; fileEncoding = 4; lastKnownFileType = text; path = binexample.plg; sourceTree = "<group>"; };
		A024C0110EAE4DE5007B6740 /* example.h */ = {isa = PBXFileReference; fileEncoding = 4; lastKnownFileType = sourcecode.c.h; path = example.h; sourceTree = "<group>"; };
		A024C0130EAE4DE5007B6740 /* libexample.c */ = {isa = PBXFileReference; fileEncoding = 4; lastKnownFileType = sourcecode.c.c; path = libexample.c; sourceTree = "<group>"; };
		A024C0140EAE4DE5007B6740 /* libexample.h */ = {isa = PBXFileReference; fileEncoding = 4; lastKnownFileType = sourcecode.c.h; path = libexample.h; sourceTree = "<group>"; };
		A024C0150EAE4DE5007B6740 /* libexample.def */ = {isa = PBXFileReference; fileEncoding = 4; lastKnownFileType = text; path = libexample.def; sourceTree = "<group>"; };
		A024C0160EAE4DE5007B6740 /* libexample.dsp */ = {isa = PBXFileReference; fileEncoding = 4; lastKnownFileType = text; path = libexample.dsp; sourceTree = "<group>"; };
		A024C0170EAE4DE5007B6740 /* libexample.dsw */ = {isa = PBXFileReference; fileEncoding = 4; lastKnownFileType = text; path = libexample.dsw; sourceTree = "<group>"; };
		A024C0180EAE4DE5007B6740 /* libexample.ncb */ = {isa = PBXFileReference; fileEncoding = 4; lastKnownFileType = text; path = libexample.ncb; sourceTree = "<group>"; };
		A024C0190EAE4DE5007B6740 /* libexample.opt */ = {isa = PBXFileReference; lastKnownFileType = file; path = libexample.opt; sourceTree = "<group>"; };
		A024C01A0EAE4DE5007B6740 /* libexample.plg */ = {isa = PBXFileReference; fileEncoding = 4; lastKnownFileType = text; path = libexample.plg; sourceTree = "<group>"; };
		A024C01C0EAE4DE5007B6740 /* binexample.c */ = {isa = PBXFileReference; fileEncoding = 4; lastKnownFileType = sourcecode.c.c; path = binexample.c; sourceTree = "<group>"; };
		A024C01D0EAE4DE5007B6740 /* binexample.h */ = {isa = PBXFileReference; fileEncoding = 4; lastKnownFileType = sourcecode.c.h; path = binexample.h; sourceTree = "<group>"; };
		A024C01E0EAE4DE5007B6740 /* vbexample.frm */ = {isa = PBXFileReference; fileEncoding = 4; lastKnownFileType = text; path = vbexample.frm; sourceTree = "<group>"; };
		A024C0200EAE4DE5007B6740 /* Makefile */ = {isa = PBXFileReference; fileEncoding = 4; lastKnownFileType = sourcecode.make; path = Makefile; sourceTree = "<group>"; };
		A024C0210EAE4DE5007B6740 /* growing-buffer.c */ = {isa = PBXFileReference; fileEncoding = 4; lastKnownFileType = sourcecode.c.c; path = "growing-buffer.c"; sourceTree = "<group>"; };
		A024C0220EAE4DE5007B6740 /* realloc.c */ = {isa = PBXFileReference; fileEncoding = 4; lastKnownFileType = sourcecode.c.c; path = realloc.c; sourceTree = "<group>"; };
		A024C0240EAE4DE5007B6740 /* Makefile */ = {isa = PBXFileReference; fileEncoding = 4; lastKnownFileType = sourcecode.make; path = Makefile; sourceTree = "<group>"; };
		A024C0250EAE4DE5007B6740 /* crypt.c */ = {isa = PBXFileReference; fileEncoding = 4; lastKnownFileType = sourcecode.c.c; path = crypt.c; sourceTree = "<group>"; };
		A024C0260EAE4DE5007B6740 /* sha1-base64.c */ = {isa = PBXFileReference; fileEncoding = 4; lastKnownFileType = sourcecode.c.c; path = "sha1-base64.c"; sourceTree = "<group>"; };
		A024C0270EAE4DE5007B6740 /* sha1.c */ = {isa = PBXFileReference; fileEncoding = 4; lastKnownFileType = sourcecode.c.c; path = sha1.c; sourceTree = "<group>"; };
		A024C0290EAE4DE5007B6740 /* Makefile */ = {isa = PBXFileReference; fileEncoding = 4; lastKnownFileType = sourcecode.make; path = Makefile; sourceTree = "<group>"; };
		A024C02A0EAE4DE5007B6740 /* stat.c */ = {isa = PBXFileReference; fileEncoding = 4; lastKnownFileType = sourcecode.c.c; path = stat.c; sourceTree = "<group>"; };
		A024C02C0EAE4DE5007B6740 /* Makefile */ = {isa = PBXFileReference; fileEncoding = 4; lastKnownFileType = sourcecode.make; path = Makefile; sourceTree = "<group>"; };
		A024C02D0EAE4DE5007B6740 /* getopt.c */ = {isa = PBXFileReference; fileEncoding = 4; lastKnownFileType = sourcecode.c.c; path = getopt.c; sourceTree = "<group>"; };
		A024C02F0EAE4DE5007B6740 /* Makefile */ = {isa = PBXFileReference; fileEncoding = 4; lastKnownFileType = sourcecode.make; path = Makefile; sourceTree = "<group>"; };
		A024C0300EAE4DE5007B6740 /* setuid.c */ = {isa = PBXFileReference; fileEncoding = 4; lastKnownFileType = sourcecode.c.c; path = setuid.c; sourceTree = "<group>"; };
		A024C0320EAE4DE5007B6740 /* Makefile */ = {isa = PBXFileReference; fileEncoding = 4; lastKnownFileType = sourcecode.make; path = Makefile; sourceTree = "<group>"; };
		A024C0330EAE4DE5007B6740 /* ldapadd.c */ = {isa = PBXFileReference; fileEncoding = 4; lastKnownFileType = sourcecode.c.c; path = ldapadd.c; sourceTree = "<group>"; };
		A024C0340EAE4DE5007B6740 /* ldapblaster.c */ = {isa = PBXFileReference; fileEncoding = 4; lastKnownFileType = sourcecode.c.c; path = ldapblaster.c; sourceTree = "<group>"; };
		A024C0350EAE4DE5007B6740 /* ldapblaster.h */ = {isa = PBXFileReference; fileEncoding = 4; lastKnownFileType = sourcecode.c.h; path = ldapblaster.h; sourceTree = "<group>"; };
		A024C0360EAE4DE5007B6740 /* ldapconfig.h */ = {isa = PBXFileReference; fileEncoding = 4; lastKnownFileType = sourcecode.c.h; path = ldapconfig.h; sourceTree = "<group>"; };
		A024C0370EAE4DE5007B6740 /* ldapsearch.c */ = {isa = PBXFileReference; fileEncoding = 4; lastKnownFileType = sourcecode.c.c; path = ldapsearch.c; sourceTree = "<group>"; };
		A024C0380EAE4DE5007B6740 /* ldapurl.c */ = {isa = PBXFileReference; fileEncoding = 4; lastKnownFileType = sourcecode.c.c; path = ldapurl.c; sourceTree = "<group>"; };
		A024C03A0EAE4DE5007B6740 /* bitwise.c */ = {isa = PBXFileReference; fileEncoding = 4; lastKnownFileType = sourcecode.c.c; path = bitwise.c; sourceTree = "<group>"; };
		A024C03B0EAE4DE5007B6740 /* cryption.c */ = {isa = PBXFileReference; fileEncoding = 4; lastKnownFileType = sourcecode.c.c; path = cryption.c; sourceTree = "<group>"; };
		A024C03C0EAE4DE5007B6740 /* ctime.c */ = {isa = PBXFileReference; fileEncoding = 4; lastKnownFileType = sourcecode.c.c; path = ctime.c; sourceTree = "<group>"; };
		A024C03D0EAE4DE5007B6740 /* regex.c */ = {isa = PBXFileReference; fileEncoding = 4; lastKnownFileType = sourcecode.c.c; path = regex.c; sourceTree = "<group>"; };
		A024C03F0EAE4DE5007B6740 /* socket_functions.c */ = {isa = PBXFileReference; fileEncoding = 4; lastKnownFileType = sourcecode.c.c; path = socket_functions.c; sourceTree = "<group>"; };
		A024C0400EAE4DE5007B6740 /* socket_functions.h */ = {isa = PBXFileReference; fileEncoding = 4; lastKnownFileType = sourcecode.c.h; path = socket_functions.h; sourceTree = "<group>"; };
		A024C0410EAE4DE6007B6740 /* socket_tcp.c.bak */ = {isa = PBXFileReference; fileEncoding = 4; lastKnownFileType = text; path = socket_tcp.c.bak; sourceTree = "<group>"; };
		A024C0420EAE4DE6007B6740 /* tcp_client.c */ = {isa = PBXFileReference; fileEncoding = 4; lastKnownFileType = sourcecode.c.c; path = tcp_client.c; sourceTree = "<group>"; };
		A024C0430EAE4DE6007B6740 /* tcp_client.h */ = {isa = PBXFileReference; fileEncoding = 4; lastKnownFileType = sourcecode.c.h; path = tcp_client.h; sourceTree = "<group>"; };
		A024C0440EAE4DE6007B6740 /* tcp_server.c */ = {isa = PBXFileReference; fileEncoding = 4; lastKnownFileType = sourcecode.c.c; path = tcp_server.c; sourceTree = "<group>"; };
		A024C0450EAE4DE6007B6740 /* tcp_server.h */ = {isa = PBXFileReference; fileEncoding = 4; lastKnownFileType = sourcecode.c.h; path = tcp_server.h; sourceTree = "<group>"; };
		A024C0460EAE4DE6007B6740 /* struct_tm.c */ = {isa = PBXFileReference; fileEncoding = 4; lastKnownFileType = sourcecode.c.c; path = struct_tm.c; sourceTree = "<group>"; };
		A024C0470EAE4DE6007B6740 /* tm_isdst.c */ = {isa = PBXFileReference; fileEncoding = 4; lastKnownFileType = sourcecode.c.c; path = tm_isdst.c; sourceTree = "<group>"; };
		A024C0490EAE4DE6007B6740 /* Makefile */ = {isa = PBXFileReference; fileEncoding = 4; lastKnownFileType = sourcecode.make; path = Makefile; sourceTree = "<group>"; };
		A024C04A0EAE4DE6007B6740 /* loader.c */ = {isa = PBXFileReference; fileEncoding = 4; lastKnownFileType = sourcecode.c.c; path = loader.c; sourceTree = "<group>"; };
		A024C04B0EAE4DE6007B6740 /* simple-loader.c */ = {isa = PBXFileReference; fileEncoding = 4; lastKnownFileType = sourcecode.c.c; path = "simple-loader.c"; sourceTree = "<group>"; };
		A024C04C0EAE4DE6007B6740 /* simple-module.c */ = {isa = PBXFileReference; fileEncoding = 4; lastKnownFileType = sourcecode.c.c; path = "simple-module.c"; sourceTree = "<group>"; };
		A024C04E0EAE4DE6007B6740 /* Makefile */ = {isa = PBXFileReference; fileEncoding = 4; lastKnownFileType = sourcecode.make; path = Makefile; sourceTree = "<group>"; };
		A024C04F0EAE4DE6007B6740 /* example.p6.f1-1.c */ = {isa = PBXFileReference; fileEncoding = 4; lastKnownFileType = sourcecode.c.c; path = "example.p6.f1-1.c"; sourceTree = "<group>"; };
		A024C0500EAE4DE6007B6740 /* glx.c */ = {isa = PBXFileReference; fileEncoding = 4; lastKnownFileType = sourcecode.c.c; path = glx.c; sourceTree = "<group>"; };
		A024C0510EAE4DE6007B6740 /* glx.cpp */ = {isa = PBXFileReference; fileEncoding = 4; lastKnownFileType = sourcecode.cpp.cpp; path = glx.cpp; sourceTree = "<group>"; };
		A024C0520EAE4DE6007B6740 /* syzdek-001.c */ = {isa = PBXFileReference; fileEncoding = 4; lastKnownFileType = sourcecode.c.c; path = "syzdek-001.c"; sourceTree = "<group>"; };
		A024C0530EAE4DE6007B6740 /* syzdek-002.c */ = {isa = PBXFileReference; fileEncoding = 4; lastKnownFileType = sourcecode.c.c; path = "syzdek-002.c"; sourceTree = "<group>"; };
		A024C0550EAE4DE6007B6740 /* Makefile */ = {isa = PBXFileReference; fileEncoding = 4; lastKnownFileType = sourcecode.make; path = Makefile; sourceTree = "<group>"; };
		A024C0560EAE4DE6007B6740 /* example.h */ = {isa = PBXFileReference; fileEncoding = 4; lastKnownFileType = sourcecode.c.h; path = example.h; sourceTree = "<group>"; };
		A024C0570EAE4DE6007B6740 /* getpeername.c */ = {isa = PBXFileReference; fileEncoding = 4; lastKnownFileType = sourcecode.c.c; path = getpeername.c; sourceTree = "<group>"; };
		A024C0580EAE4DE6007B6740 /* libwrap.c */ = {isa = PBXFileReference; fileEncoding = 4; lastKnownFileType = sourcecode.c.c; path = libwrap.c; sourceTree = "<group>"; };
		A024C0590EAE4DE6007B6740 /* multi-client-echo-server.c */ = {isa = PBXFileReference; fileEncoding = 4; lastKnownFileType = sourcecode.c.c; path = "multi-client-echo-server.c"; sourceTree = "<group>"; };
		A024C05A0EAE4DE6007B6740 /* select.c */ = {isa = PBXFileReference; fileEncoding = 4; lastKnownFileType = sourcecode.c.c; path = select.c; sourceTree = "<group>"; };
		A024C05B0EAE4DE6007B6740 /* socket-server.c */ = {isa = PBXFileReference; fileEncoding = 4; lastKnownFileType = sourcecode.c.c; path = "socket-server.c"; sourceTree = "<group>"; };
		A024C05C0EAE4DE6007B6740 /* unix-socket-client.c */ = {isa = PBXFileReference; fileEncoding = 4; lastKnownFileType = sourcecode.c.c; path = "unix-socket-client.c"; sourceTree = "<group>"; };
		A024C05D0EAE4DE6007B6740 /* unix-socket-server-poll.c */ = {isa = PBXFileReference; fileEncoding = 4; lastKnownFileType = sourcecode.c.c; path = "unix-socket-server-poll.c"; sourceTree = "<group>"; };
		A024C05E0EAE4DE6007B6740 /* unix-socket-server.c */ = {isa = PBXFileReference; fileEncoding = 4; lastKnownFileType = sourcecode.c.c; path = "unix-socket-server.c"; sourceTree = "<group>"; };
		A024C0600EAE4DE6007B6740 /* socket_functions.c */ = {isa = PBXFileReference; fileEncoding = 4; lastKnownFileType = sourcecode.c.c; path = socket_functions.c; sourceTree = "<group>"; };
		A024C0610EAE4DE6007B6740 /* socket_functions.h */ = {isa = PBXFileReference; fileEncoding = 4; lastKnownFileType = sourcecode.c.h; path = socket_functions.h; sourceTree = "<group>"; };
		A024C0620EAE4DE6007B6740 /* socket_tcp.c.bak */ = {isa = PBXFileReference; fileEncoding = 4; lastKnownFileType = text; path = socket_tcp.c.bak; sourceTree = "<group>"; };
		A024C0630EAE4DE6007B6740 /* tcp_client.c */ = {isa = PBXFileReference; fileEncoding = 4; lastKnownFileType = sourcecode.c.c; path = tcp_client.c; sourceTree = "<group>"; };
		A024C0640EAE4DE6007B6740 /* tcp_client.h */ = {isa = PBXFileReference; fileEncoding = 4; lastKnownFileType = sourcecode.c.h; path = tcp_client.h; sourceTree = "<group>"; };
		A024C0650EAE4DE6007B6740 /* tcp_server.c */ = {isa = PBXFileReference; fileEncoding = 4; lastKnownFileType = sourcecode.c.c; path = tcp_server.c; sourceTree = "<group>"; };
		A024C0660EAE4DE6007B6740 /* tcp_server.h */ = {isa = PBXFileReference; fileEncoding = 4; lastKnownFileType = sourcecode.c.h; path = tcp_server.h; sourceTree = "<group>"; };
		A024C0680EAE4DE6007B6740 /* Makefile */ = {isa = PBXFileReference; fileEncoding = 4; lastKnownFileType = sourcecode.make; path = Makefile; sourceTree = "<group>"; };
		A024C0690EAE4DE6007B6740 /* mergesort_struct.c */ = {isa = PBXFileReference; fileEncoding = 4; lastKnownFileType = sourcecode.c.c; path = mergesort_struct.c; sourceTree = "<group>"; };
		A024C06B0EAE4DE6007B6740 /* Makefile */ = {isa = PBXFileReference; fileEncoding = 4; lastKnownFileType = sourcecode.make; path = Makefile; sourceTree = "<group>"; };
		A024C06C0EAE4DE6007B6740 /* ssl-http.c */ = {isa = PBXFileReference; fileEncoding = 4; lastKnownFileType = sourcecode.c.c; path = "ssl-http.c"; sourceTree = "<group>"; };
		A024C06E0EAE4DE6007B6740 /* Makefile */ = {isa = PBXFileReference; fileEncoding = 4; lastKnownFileType = sourcecode.make; path = Makefile; sourceTree = "<group>"; };
		A024C06F0EAE4DE6007B6740 /* main.c */ = {isa = PBXFileReference; fileEncoding = 4; lastKnownFileType = sourcecode.c.c; path = main.c; sourceTree = "<group>"; };
		A024C0700EAE4DE6007B6740 /* object.c */ = {isa = PBXFileReference; fileEncoding = 4; lastKnownFileType = sourcecode.c.c; path = object.c; sourceTree = "<group>"; };
		A024C0710EAE4DE6007B6740 /* object.h */ = {isa = PBXFileReference; fileEncoding = 4; lastKnownFileType = sourcecode.c.h; path = object.h; sourceTree = "<group>"; };
		A024C0730EAE4DE6007B6740 /* Makefile */ = {isa = PBXFileReference; fileEncoding = 4; lastKnownFileType = sourcecode.make; path = Makefile; sourceTree = "<group>"; };
		A024C0740EAE4DE6007B6740 /* waitpid.c */ = {isa = PBXFileReference; fileEncoding = 4; lastKnownFileType = sourcecode.c.c; path = waitpid.c; sourceTree = "<group>"; };
		A024C0770EAE4E1F007B6740 /* mutableArray.m */ = {isa = PBXFileReference; fileEncoding = 4; lastKnownFileType = sourcecode.c.objc; path = mutableArray.m; sourceTree = "<group>"; };
		A024C0790EAE4E1F007B6740 /* Makefile */ = {isa = PBXFileReference; fileEncoding = 4; lastKnownFileType = sourcecode.make; path = Makefile; sourceTree = "<group>"; };
		A024C07A0EAE4E1F007B6740 /* autoreleasePool.m */ = {isa = PBXFileReference; fileEncoding = 4; lastKnownFileType = sourcecode.c.objc; path = autoreleasePool.m; sourceTree = "<group>"; };
		A024C07C0EAE4E1F007B6740 /* Makefile */ = {isa = PBXFileReference; fileEncoding = 4; lastKnownFileType = sourcecode.make; path = Makefile; sourceTree = "<group>"; };
		A024C07E0EAE4E1F007B6740 /* Doxyfile */ = {isa = PBXFileReference; fileEncoding = 4; lastKnownFileType = text; path = Doxyfile; sourceTree = "<group>"; };
		A024C0800EAE4E1F007B6740 /* LengthObject.h */ = {isa = PBXFileReference; fileEncoding = 4; lastKnownFileType = sourcecode.c.h; path = LengthObject.h; sourceTree = "<group>"; };
		A024C0810EAE4E1F007B6740 /* LengthObject.m */ = {isa = PBXFileReference; fileEncoding = 4; lastKnownFileType = sourcecode.c.objc; path = LengthObject.m; sourceTree = "<group>"; };
		A024C0820EAE4E1F007B6740 /* LoanCalculator.h */ = {isa = PBXFileReference; fileEncoding = 4; lastKnownFileType = sourcecode.c.h; path = LoanCalculator.h; sourceTree = "<group>"; };
		A024C0830EAE4E1F007B6740 /* LoanCalculator.m */ = {isa = PBXFileReference; fileEncoding = 4; lastKnownFileType = sourcecode.c.objc; path = LoanCalculator.m; sourceTree = "<group>"; };
		A024C0840EAE4E1F007B6740 /* SSCObject.h */ = {isa = PBXFileReference; fileEncoding = 4; lastKnownFileType = sourcecode.c.h; path = SSCObject.h; sourceTree = "<group>"; };
		A024C0850EAE4E1F007B6740 /* SSCObject.m */ = {isa = PBXFileReference; fileEncoding = 4; lastKnownFileType = sourcecode.c.objc; path = SSCObject.m; sourceTree = "<group>"; };
		A024C0860EAE4E1F007B6740 /* TemperatureObject.h */ = {isa = PBXFileReference; fileEncoding = 4; lastKnownFileType = sourcecode.c.h; path = TemperatureObject.h; sourceTree = "<group>"; };
		A024C0870EAE4E1F007B6740 /* TemperatureObject.m */ = {isa = PBXFileReference; fileEncoding = 4; lastKnownFileType = sourcecode.c.objc; path = TemperatureObject.m; sourceTree = "<group>"; };
		A024C0880EAE4E1F007B6740 /* common.h */ = {isa = PBXFileReference; fileEncoding = 4; lastKnownFileType = sourcecode.c.h; path = common.h; sourceTree = "<group>"; };
		A024C0890EAE4E1F007B6740 /* length.m */ = {isa = PBXFileReference; fileEncoding = 4; lastKnownFileType = sourcecode.c.objc; path = length.m; sourceTree = "<group>"; };
		A024C08A0EAE4E1F007B6740 /* loan.m */ = {isa = PBXFileReference; fileEncoding = 4; lastKnownFileType = sourcecode.c.objc; path = loan.m; sourceTree = "<group>"; };
		A024C08B0EAE4E1F007B6740 /* temperature.m */ = {isa = PBXFileReference; fileEncoding = 4; lastKnownFileType = sourcecode.c.objc; path = temperature.m; sourceTree = "<group>"; };
		A024C08D0EAE4E1F007B6740 /* Makefile */ = {isa = PBXFileReference; fileEncoding = 4; lastKnownFileType = sourcecode.make; path = Makefile; sourceTree = "<group>"; };
		A024C08E0EAE4E1F007B6740 /* MyClass.h */ = {isa = PBXFileReference; fileEncoding = 4; lastKnownFileType = sourcecode.c.h; path = MyClass.h; sourceTree = "<group>"; };
		A024C08F0EAE4E1F007B6740 /* MyClass.m */ = {isa = PBXFileReference; fileEncoding = 4; lastKnownFileType = sourcecode.c.objc; path = MyClass.m; sourceTree = "<group>"; };
		A024C0900EAE4E1F007B6740 /* cBindings.h */ = {isa = PBXFileReference; fileEncoding = 4; lastKnownFileType = sourcecode.c.h; path = cBindings.h; sourceTree = "<group>"; };
		A024C0910EAE4E1F007B6740 /* cBindings.m */ = {isa = PBXFileReference; fileEncoding = 4; lastKnownFileType = sourcecode.c.objc; path = cBindings.m; sourceTree = "<group>"; };
		A024C0920EAE4E1F007B6740 /* main.c */ = {isa = PBXFileReference; fileEncoding = 4; lastKnownFileType = sourcecode.c.c; path = main.c; sourceTree = "<group>"; };
		A024C0940EAE4E1F007B6740 /* HelloWorld.h */ = {isa = PBXFileReference; fileEncoding = 4; lastKnownFileType = sourcecode.c.h; path = HelloWorld.h; sourceTree = "<group>"; };
		A024C0950EAE4E1F007B6740 /* HelloWorld.m */ = {isa = PBXFileReference; fileEncoding = 4; lastKnownFileType = sourcecode.c.objc; path = HelloWorld.m; sourceTree = "<group>"; };
		A024C0960EAE4E1F007B6740 /* Makefile */ = {isa = PBXFileReference; fileEncoding = 4; lastKnownFileType = sourcecode.make; path = Makefile; sourceTree = "<group>"; };
		A024C0970EAE4E1F007B6740 /* hello.m */ = {isa = PBXFileReference; fileEncoding = 4; lastKnownFileType = sourcecode.c.objc; path = hello.m; sourceTree = "<group>"; };
		A024C0990EAE4E1F007B6740 /* Makefile */ = {isa = PBXFileReference; fileEncoding = 4; lastKnownFileType = sourcecode.make; path = Makefile; sourceTree = "<group>"; };
		A024C09A0EAE4E1F007B6740 /* simple.m */ = {isa = PBXFileReference; fileEncoding = 4; lastKnownFileType = sourcecode.c.objc; path = simple.m; sourceTree = "<group>"; };
		A024C09C0EAE4E1F007B6740 /* access.m */ = {isa = PBXFileReference; fileEncoding = 4; lastKnownFileType = sourcecode.c.objc; path = access.m; sourceTree = "<group>"; };
		A024C09D0EAE4E1F007B6740 /* fraction.m */ = {isa = PBXFileReference; fileEncoding = 4; lastKnownFileType = sourcecode.c.objc; path = fraction.m; sourceTree = "<group>"; };
		A024C09E0EAE4E1F007B6740 /* hello.m */ = {isa = PBXFileReference; fileEncoding = 4; lastKnownFileType = sourcecode.c.objc; path = hello.m; sourceTree = "<group>"; };
		A024C09F0EAE4E1F007B6740 /* nsState.m */ = {isa = PBXFileReference; fileEncoding = 4; lastKnownFileType = sourcecode.c.objc; path = nsState.m; sourceTree = "<group>"; };
		A024C0A00EAE4E1F007B6740 /* shape.m */ = {isa = PBXFileReference; fileEncoding = 4; lastKnownFileType = sourcecode.c.objc; path = shape.m; sourceTree = "<group>"; };
		A024C0A20EAE4E1F007B6740 /* Makefile */ = {isa = PBXFileReference; fileEncoding = 4; lastKnownFileType = sourcecode.make; path = Makefile; sourceTree = "<group>"; };
		A024C0A30EAE4E1F007B6740 /* nsstring.m */ = {isa = PBXFileReference; fileEncoding = 4; lastKnownFileType = sourcecode.c.objc; path = nsstring.m; sourceTree = "<group>"; };
		A024C0A40EAE4E1F007B6740 /* nsstring2.m */ = {isa = PBXFileReference; fileEncoding = 4; lastKnownFileType = sourcecode.c.objc; path = nsstring2.m; sourceTree = "<group>"; };
		A024C0A50EAE4E1F007B6740 /* nstring-comapre.m */ = {isa = PBXFileReference; fileEncoding = 4; lastKnownFileType = sourcecode.c.objc; path = "nstring-comapre.m"; sourceTree = "<group>"; };
		A024C0A70EAE4E1F007B6740 /* FirstClass.h */ = {isa = PBXFileReference; fileEncoding = 4; lastKnownFileType = sourcecode.c.h; path = FirstClass.h; sourceTree = "<group>"; };
		A024C0A80EAE4E1F007B6740 /* FirstClass.m */ = {isa = PBXFileReference; fileEncoding = 4; lastKnownFileType = sourcecode.c.objc; path = FirstClass.m; sourceTree = "<group>"; };
		A024C0A90EAE4E1F007B6740 /* FirstProtocol.h */ = {isa = PBXFileReference; fileEncoding = 4; lastKnownFileType = sourcecode.c.h; path = FirstProtocol.h; sourceTree = "<group>"; };
		A024C0AA0EAE4E1F007B6740 /* FirstProtocol.m */ = {isa = PBXFileReference; fileEncoding = 4; lastKnownFileType = sourcecode.c.objc; path = FirstProtocol.m; sourceTree = "<group>"; };
		A024C0AB0EAE4E1F007B6740 /* Makefile */ = {isa = PBXFileReference; fileEncoding = 4; lastKnownFileType = sourcecode.make; path = Makefile; sourceTree = "<group>"; };
		A024C0AC0EAE4E1F007B6740 /* SecondClass.h */ = {isa = PBXFileReference; fileEncoding = 4; lastKnownFileType = sourcecode.c.h; path = SecondClass.h; sourceTree = "<group>"; };
		A024C0AD0EAE4E1F007B6740 /* SecondClass.m */ = {isa = PBXFileReference; fileEncoding = 4; lastKnownFileType = sourcecode.c.objc; path = SecondClass.m; sourceTree = "<group>"; };
		A024C0AE0EAE4E1F007B6740 /* protocolTest.m */ = {isa = PBXFileReference; fileEncoding = 4; lastKnownFileType = sourcecode.c.objc; path = protocolTest.m; sourceTree = "<group>"; };
		A024C0B00EAE4E1F007B6740 /* mutableArray.m */ = {isa = PBXFileReference; fileEncoding = 4; lastKnownFileType = sourcecode.c.objc; path = mutableArray.m; sourceTree = "<group>"; };
		A024C0B30EAE4E1F007B6740 /* Makefile */ = {isa = PBXFileReference; fileEncoding = 4; lastKnownFileType = sourcecode.make; path = Makefile; sourceTree = "<group>"; };
		A024C0B50EAE4E1F007B6740 /* data.xml */ = {isa = PBXFileReference; fileEncoding = 4; lastKnownFileType = text.xml; path = data.xml; sourceTree = "<group>"; };
		A024C0B60EAE4E1F007B6740 /* form.php */ = {isa = PBXFileReference; fileEncoding = 4; lastKnownFileType = text.script.php; path = form.php; sourceTree = "<group>"; };
		A024C0B70EAE4E1F007B6740 /* post-callback */ = {isa = PBXFileReference; lastKnownFileType = "compiled.mach-o.executable"; path = "post-callback"; sourceTree = "<group>"; };
		A024C0B80EAE4E1F007B6740 /* post-callback.c */ = {isa = PBXFileReference; fileEncoding = 4; lastKnownFileType = sourcecode.c.c; path = "post-callback.c"; sourceTree = "<group>"; };
		A024C0B90EAE4E1F007B6740 /* post.php */ = {isa = PBXFileReference; fileEncoding = 4; lastKnownFileType = text.script.php; path = post.php; sourceTree = "<group>"; };
		A024C0BA0EAE4E1F007B6740 /* postit2 */ = {isa = PBXFileReference; lastKnownFileType = "compiled.mach-o.executable"; path = postit2; sourceTree = "<group>"; };
		A024C0BB0EAE4E1F007B6740 /* postit2.c */ = {isa = PBXFileReference; fileEncoding = 4; lastKnownFileType = sourcecode.c.c; path = postit2.c; sourceTree = "<group>"; };
		A024C0BC0EAE4E1F007B6740 /* test.txt */ = {isa = PBXFileReference; fileEncoding = 4; lastKnownFileType = text; path = test.txt; sourceTree = "<group>"; };
		A024C0BE0EAE4E1F007B6740 /* Makefile */ = {isa = PBXFileReference; fileEncoding = 4; lastKnownFileType = sourcecode.make; path = Makefile; sourceTree = "<group>"; };
		A024C0C00EAE4E1F007B6740 /* cd_catalog.xml */ = {isa = PBXFileReference; fileEncoding = 4; lastKnownFileType = text.xml; path = cd_catalog.xml; sourceTree = "<group>"; };
		A024C0C10EAE4E1F007B6740 /* note.xml */ = {isa = PBXFileReference; fileEncoding = 4; lastKnownFileType = text.xml; path = note.xml; sourceTree = "<group>"; };
		A024C0C20EAE4E1F007B6740 /* plant_catalog.xml */ = {isa = PBXFileReference; fileEncoding = 4; lastKnownFileType = text.xml; path = plant_catalog.xml; sourceTree = "<group>"; };
		A024C0C40EAE4E1F007B6740 /* Activate_Enterprise_Internet_Browsing_Service_for_Subscriber_1.xml */ = {isa = PBXFileReference; fileEncoding = 4; lastKnownFileType = text.xml; path = Activate_Enterprise_Internet_Browsing_Service_for_Subscriber_1.xml; sourceTree = "<group>"; };
		A024C0C50EAE4E1F007B6740 /* Activate_Enterprise__Internet_Browsing_Service_on_Subscriber_4.xml */ = {isa = PBXFileReference; fileEncoding = 4; lastKnownFileType = text.xml; path = Activate_Enterprise__Internet_Browsing_Service_on_Subscriber_4.xml; sourceTree = "<group>"; };
		A024C0C60EAE4E1F007B6740 /* Activate_Enterprise_and_Prosumer_Internet_Browsing_Service_for_Subscriber_3.xml */ = {isa = PBXFileReference; fileEncoding = 4; lastKnownFileType = text.xml; path = Activate_Enterprise_and_Prosumer_Internet_Browsing_Service_for_Subscriber_3.xml; sourceTree = "<group>"; };
		A024C0C70EAE4E1F007B6740 /* Activate_Prosumer__Internet_Browsing_Service_for_Subscriber_2.xml */ = {isa = PBXFileReference; fileEncoding = 4; lastKnownFileType = text.xml; path = Activate_Prosumer__Internet_Browsing_Service_for_Subscriber_2.xml; sourceTree = "<group>"; };
		A024C0C80EAE4E1F007B6740 /* Deactivate_Subscriber_2.xml */ = {isa = PBXFileReference; fileEncoding = 4; lastKnownFileType = text.xml; path = Deactivate_Subscriber_2.xml; sourceTree = "<group>"; };
		A024C0C90EAE4E1F007B6740 /* Modify_Subscriber_3_to_Prosumer.xml */ = {isa = PBXFileReference; fileEncoding = 4; lastKnownFileType = text.xml; path = Modify_Subscriber_3_to_Prosumer.xml; sourceTree = "<group>"; };
		A024C0CA0EAE4E1F007B6740 /* Modify_Subscriber_4_to_Prosumer_Internet_Browsing_Service.xml */ = {isa = PBXFileReference; fileEncoding = 4; lastKnownFileType = text.xml; path = Modify_Subscriber_4_to_Prosumer_Internet_Browsing_Service.xml; sourceTree = "<group>"; };
		A024C0CB0EAE4E1F007B6740 /* Modify_subscriber_1_to_Enterprise_and_Prosumer__Internet_Browsing_Service.xml */ = {isa = PBXFileReference; fileEncoding = 4; lastKnownFileType = text.xml; path = Modify_subscriber_1_to_Enterprise_and_Prosumer__Internet_Browsing_Service.xml; sourceTree = "<group>"; };
		A024C0CC0EAE4E1F007B6740 /* Resume_Subscriber_1.xml */ = {isa = PBXFileReference; fileEncoding = 4; lastKnownFileType = text.xml; path = Resume_Subscriber_1.xml; sourceTree = "<group>"; };
		A024C0CD0EAE4E1F007B6740 /* Status_for_Subscriber_3.xml */ = {isa = PBXFileReference; fileEncoding = 4; lastKnownFileType = text.xml; path = Status_for_Subscriber_3.xml; sourceTree = "<group>"; };
		A024C0CE0EAE4E1F007B6740 /* Suspend_Subscriber_1.xml */ = {isa = PBXFileReference; fileEncoding = 4; lastKnownFileType = text.xml; path = Suspend_Subscriber_1.xml; sourceTree = "<group>"; };
		A024C0CF0EAE4E1F007B6740 /* simple.xml */ = {isa = PBXFileReference; fileEncoding = 4; lastKnownFileType = text.xml; path = simple.xml; sourceTree = "<group>"; };
		A024C0D00EAE4E1F007B6740 /* test1.xml */ = {isa = PBXFileReference; fileEncoding = 4; lastKnownFileType = text.xml; path = test1.xml; sourceTree = "<group>"; };
		A024C0D10EAE4E1F007B6740 /* test2.xml */ = {isa = PBXFileReference; fileEncoding = 4; lastKnownFileType = text.xml; path = test2.xml; sourceTree = "<group>"; };
		A024C0D30EAE4E1F007B6740 /* Doxyfile */ = {isa = PBXFileReference; fileEncoding = 4; lastKnownFileType = text; path = Doxyfile; sourceTree = "<group>"; };
		A024C0D50EAE4E1F007B6740 /* doxygen.css */ = {isa = PBXFileReference; fileEncoding = 4; lastKnownFileType = text.css; path = doxygen.css; sourceTree = "<group>"; };
		A024C0D60EAE4E1F007B6740 /* doxygen.png */ = {isa = PBXFileReference; lastKnownFileType = image.png; path = doxygen.png; sourceTree = "<group>"; };
		A024C0D70EAE4E1F007B6740 /* graph_legend.dot */ = {isa = PBXFileReference; fileEncoding = 4; lastKnownFileType = text; path = graph_legend.dot; sourceTree = "<group>"; };
		A024C0D80EAE4E1F007B6740 /* graph_legend.html */ = {isa = PBXFileReference; fileEncoding = 4; lastKnownFileType = text.html; path = graph_legend.html; sourceTree = "<group>"; };
		A024C0D90EAE4E1F007B6740 /* graph_legend.png */ = {isa = PBXFileReference; lastKnownFileType = image.png; path = graph_legend.png; sourceTree = "<group>"; };
		A024C0DA0EAE4E1F007B6740 /* index.html */ = {isa = PBXFileReference; fileEncoding = 4; lastKnownFileType = text.html; path = index.html; sourceTree = "<group>"; };
		A024C0DB0EAE4E1F007B6740 /* tab_b.gif */ = {isa = PBXFileReference; lastKnownFileType = image.gif; path = tab_b.gif; sourceTree = "<group>"; };
		A024C0DC0EAE4E1F007B6740 /* tab_l.gif */ = {isa = PBXFileReference; lastKnownFileType = image.gif; path = tab_l.gif; sourceTree = "<group>"; };
		A024C0DD0EAE4E1F007B6740 /* tab_r.gif */ = {isa = PBXFileReference; lastKnownFileType = image.gif; path = tab_r.gif; sourceTree = "<group>"; };
		A024C0DE0EAE4E1F007B6740 /* tabs.css */ = {isa = PBXFileReference; fileEncoding = 4; lastKnownFileType = text.css; path = tabs.css; sourceTree = "<group>"; };
		A024C0E00EAE4E1F007B6740 /* FreeSans.ttf */ = {isa = PBXFileReference; lastKnownFileType = file; path = FreeSans.ttf; sourceTree = "<group>"; };
		A024C0E10EAE4E1F007B6740 /* Makefile */ = {isa = PBXFileReference; fileEncoding = 4; lastKnownFileType = sourcecode.make; path = Makefile; sourceTree = "<group>"; };
		A024C0E20EAE4E1F007B6740 /* doxygen.sty */ = {isa = PBXFileReference; fileEncoding = 4; lastKnownFileType = text; path = doxygen.sty; sourceTree = "<group>"; };
		A024C0E30EAE4E1F007B6740 /* refman.tex */ = {isa = PBXFileReference; fileEncoding = 4; lastKnownFileType = text; path = refman.tex; sourceTree = "<group>"; };
		A024C0E50EAE4E1F007B6740 /* parse1.c */ = {isa = PBXFileReference; fileEncoding = 4; lastKnownFileType = sourcecode.c.c; path = parse1.c; sourceTree = "<group>"; };
		A024C0E60EAE4E1F007B6740 /* parse2.c */ = {isa = PBXFileReference; fileEncoding = 4; lastKnownFileType = sourcecode.c.c; path = parse2.c; sourceTree = "<group>"; };
		A024C0E70EAE4E1F007B6740 /* parse3.c */ = {isa = PBXFileReference; fileEncoding = 4; lastKnownFileType = sourcecode.c.c; path = parse3.c; sourceTree = "<group>"; };
		A024C0E80EAE4E1F007B6740 /* parse4.c */ = {isa = PBXFileReference; fileEncoding = 4; lastKnownFileType = sourcecode.c.c; path = parse4.c; sourceTree = "<group>"; };
		A024C0E90EAE4E1F007B6740 /* reader1.c */ = {isa = PBXFileReference; fileEncoding = 4; lastKnownFileType = sourcecode.c.c; path = reader1.c; sourceTree = "<group>"; };
		A024C0EA0EAE4E1F007B6740 /* reader2.c */ = {isa = PBXFileReference; fileEncoding = 4; lastKnownFileType = sourcecode.c.c; path = reader2.c; sourceTree = "<group>"; };
		A024C0EB0EAE4E1F007B6740 /* reader3.c */ = {isa = PBXFileReference; fileEncoding = 4; lastKnownFileType = sourcecode.c.c; path = reader3.c; sourceTree = "<group>"; };
		A024C0EC0EAE4E1F007B6740 /* reader4.c */ = {isa = PBXFileReference; fileEncoding = 4; lastKnownFileType = sourcecode.c.c; path = reader4.c; sourceTree = "<group>"; };
		A024C0ED0EAE4E1F007B6740 /* tree-rim.c */ = {isa = PBXFileReference; fileEncoding = 4; lastKnownFileType = sourcecode.c.c; path = "tree-rim.c"; sourceTree = "<group>"; };
		A024C0EE0EAE4E1F007B6740 /* tree1.c */ = {isa = PBXFileReference; fileEncoding = 4; lastKnownFileType = sourcecode.c.c; path = tree1.c; sourceTree = "<group>"; };
		A024C0EF0EAE4E1F007B6740 /* tree2.c */ = {isa = PBXFileReference; fileEncoding = 4; lastKnownFileType = sourcecode.c.c; path = tree2.c; sourceTree = "<group>"; };
		A024C0F10EAE4E1F007B6740 /* attribute.c */ = {isa = PBXFileReference; fileEncoding = 4; lastKnownFileType = sourcecode.c.c; path = attribute.c; sourceTree = "<group>"; };
		A024C0F20EAE4E1F007B6740 /* keyword.c */ = {isa = PBXFileReference; fileEncoding = 4; lastKnownFileType = sourcecode.c.c; path = keyword.c; sourceTree = "<group>"; };
		A024C0F30EAE4E1F007B6740 /* story.xml */ = {isa = PBXFileReference; fileEncoding = 4; lastKnownFileType = text.xml; path = story.xml; sourceTree = "<group>"; };
		A024C0F40EAE4E1F007B6740 /* xpath.c */ = {isa = PBXFileReference; fileEncoding = 4; lastKnownFileType = sourcecode.c.c; path = xpath.c; sourceTree = "<group>"; };
		A024C0F50EAE4E1F007B6740 /* test.c */ = {isa = PBXFileReference; fileEncoding = 4; lastKnownFileType = sourcecode.c.c; path = test.c; sourceTree = "<group>"; };
		A024C0F70EAE4E1F007B6740 /* Makefile */ = {isa = PBXFileReference; fileEncoding = 4; lastKnownFileType = sourcecode.make; path = Makefile; sourceTree = "<group>"; };
		A024C0F90EAE4E1F007B6740 /* bin2str.c */ = {isa = PBXFileReference; fileEncoding = 4; lastKnownFileType = sourcecode.c.c; path = bin2str.c; sourceTree = "<group>"; };
		A024C0FA0EAE4E1F007B6740 /* funcptr.c */ = {isa = PBXFileReference; fileEncoding = 4; lastKnownFileType = sourcecode.c.c; path = funcptr.c; sourceTree = "<group>"; };
		A024C0FB0EAE4E1F007B6740 /* getenv.c */ = {isa = PBXFileReference; fileEncoding = 4; lastKnownFileType = sourcecode.c.c; path = getenv.c; sourceTree = "<group>"; };
		A024C0FC0EAE4E1F007B6740 /* greaterThan.c */ = {isa = PBXFileReference; fileEncoding = 4; lastKnownFileType = sourcecode.c.c; path = greaterThan.c; sourceTree = "<group>"; };
		A024C0FD0EAE4E1F007B6740 /* ifor.c */ = {isa = PBXFileReference; fileEncoding = 4; lastKnownFileType = sourcecode.c.c; path = ifor.c; sourceTree = "<group>"; };
		A024C0FE0EAE4E1F007B6740 /* signed.c */ = {isa = PBXFileReference; fileEncoding = 4; lastKnownFileType = sourcecode.c.c; path = signed.c; sourceTree = "<group>"; };
		A024C0FF0EAE4E1F007B6740 /* str2bin.c */ = {isa = PBXFileReference; fileEncoding = 4; lastKnownFileType = sourcecode.c.c; path = str2bin.c; sourceTree = "<group>"; };
		A024C1000EAE4E1F007B6740 /* str2hex.c */ = {isa = PBXFileReference; fileEncoding = 4; lastKnownFileType = sourcecode.c.c; path = str2hex.c; sourceTree = "<group>"; };
		A024C1010EAE4E1F007B6740 /* strtod-test.m */ = {isa = PBXFileReference; fileEncoding = 4; lastKnownFileType = sourcecode.c.objc; path = "strtod-test.m"; sourceTree = "<group>"; };
		A024C1020EAE4E1F007B6740 /* switch.c */ = {isa = PBXFileReference; fileEncoding = 4; lastKnownFileType = sourcecode.c.c; path = switch.c; sourceTree = "<group>"; };
		A024C1040EAE4E1F007B6740 /* aquarium.c */ = {isa = PBXFileReference; fileEncoding = 4; lastKnownFileType = sourcecode.c.c; path = aquarium.c; sourceTree = "<group>"; };
		A024C1050EAE4E1F007B6740 /* bitordering.c */ = {isa = PBXFileReference; fileEncoding = 4; lastKnownFileType = sourcecode.c.c; path = bitordering.c; sourceTree = "<group>"; };
		A024C1060EAE4E1F007B6740 /* bitordering1.c */ = {isa = PBXFileReference; fileEncoding = 4; lastKnownFileType = sourcecode.c.c; path = bitordering1.c; sourceTree = "<group>"; };
		A024C1070EAE4E1F007B6740 /* colors.c */ = {isa = PBXFileReference; fileEncoding = 4; lastKnownFileType = sourcecode.c.c; path = colors.c; sourceTree = "<group>"; };
		A024C1080EAE4E1F007B6740 /* critter.c */ = {isa = PBXFileReference; fileEncoding = 4; lastKnownFileType = sourcecode.c.c; path = critter.c; sourceTree = "<group>"; };
		A024C1090EAE4E1F007B6740 /* cubes.c */ = {isa = PBXFileReference; fileEncoding = 4; lastKnownFileType = sourcecode.c.c; path = cubes.c; sourceTree = "<group>"; };
		A024C10A0EAE4E1F007B6740 /* cubes2.c */ = {isa = PBXFileReference; fileEncoding = 4; lastKnownFileType = sourcecode.c.c; path = cubes2.c; sourceTree = "<group>"; };
		A024C10B0EAE4E1F007B6740 /* dragon.c */ = {isa = PBXFileReference; fileEncoding = 4; lastKnownFileType = sourcecode.c.c; path = dragon.c; sourceTree = "<group>"; };
		A024C10C0EAE4E1F007B6740 /* elephant.c */ = {isa = PBXFileReference; fileEncoding = 4; lastKnownFileType = sourcecode.c.c; path = elephant.c; sourceTree = "<group>"; };
		A024C10D0EAE4E1F007B6740 /* elephant.h */ = {isa = PBXFileReference; fileEncoding = 4; lastKnownFileType = sourcecode.c.h; path = elephant.h; sourceTree = "<group>"; };
		A024C10E0EAE4E1F007B6740 /* endian.c */ = {isa = PBXFileReference; fileEncoding = 4; lastKnownFileType = sourcecode.c.c; path = endian.c; sourceTree = "<group>"; };
		A024C10F0EAE4E1F007B6740 /* getpass.c */ = {isa = PBXFileReference; fileEncoding = 4; lastKnownFileType = sourcecode.c.c; path = getpass.c; sourceTree = "<group>"; };
		A024C1100EAE4E1F007B6740 /* hbo.c */ = {isa = PBXFileReference; fileEncoding = 4; lastKnownFileType = sourcecode.c.c; path = hbo.c; sourceTree = "<group>"; };
		A024C1110EAE4E1F007B6740 /* hello.c */ = {isa = PBXFileReference; fileEncoding = 4; lastKnownFileType = sourcecode.c.c; path = hello.c; sourceTree = "<group>"; };
		A024C1120EAE4E1F007B6740 /* nbo.c */ = {isa = PBXFileReference; fileEncoding = 4; lastKnownFileType = sourcecode.c.c; path = nbo.c; sourceTree = "<group>"; };
		A024C1130EAE4E1F007B6740 /* numbers.c */ = {isa = PBXFileReference; fileEncoding = 4; lastKnownFileType = sourcecode.c.c; path = numbers.c; sourceTree = "<group>"; };
		A024C1140EAE4E1F007B6740 /* passwd.c */ = {isa = PBXFileReference; fileEncoding = 4; lastKnownFileType = sourcecode.c.c; path = passwd.c; sourceTree = "<group>"; };
		A024C1150EAE4E1F007B6740 /* pumpkin.c */ = {isa = PBXFileReference; fileEncoding = 4; lastKnownFileType = sourcecode.c.c; path = pumpkin.c; sourceTree = "<group>"; };
		A024C1160EAE4E1F007B6740 /* pumpkin.h */ = {isa = PBXFileReference; fileEncoding = 4; lastKnownFileType = sourcecode.c.h; path = pumpkin.h; sourceTree = "<group>"; };
		A024C1170EAE4E1F007B6740 /* rocket2.c */ = {isa = PBXFileReference; fileEncoding = 4; lastKnownFileType = sourcecode.c.c; path = rocket2.c; sourceTree = "<group>"; };
		A024C1180EAE4E1F007B6740 /* sizeof.c */ = {isa = PBXFileReference; fileEncoding = 4; lastKnownFileType = sourcecode.c.c; path = sizeof.c; sourceTree = "<group>"; };
		A024C1190EAE4E1F007B6740 /* snow.c */ = {isa = PBXFileReference; fileEncoding = 4; lastKnownFileType = sourcecode.c.c; path = snow.c; sourceTree = "<group>"; };
		A024C11A0EAE4E1F007B6740 /* status.c */ = {isa = PBXFileReference; fileEncoding = 4; lastKnownFileType = sourcecode.c.c; path = status.c; sourceTree = "<group>"; };
		A024C11B0EAE4E1F007B6740 /* suicide.c */ = {isa = PBXFileReference; fileEncoding = 4; lastKnownFileType = sourcecode.c.c; path = suicide.c; sourceTree = "<group>"; };
		A024C11C0EAE4E1F007B6740 /* target.c */ = {isa = PBXFileReference; fileEncoding = 4; lastKnownFileType = sourcecode.c.c; path = target.c; sourceTree = "<group>"; };
		A024C11D0EAE4E1F007B6740 /* trailer.c */ = {isa = PBXFileReference; fileEncoding = 4; lastKnownFileType = sourcecode.c.c; path = trailer.c; sourceTree = "<group>"; };
		A024C11E0EAE4E1F007B6740 /* vtmarquee.c */ = {isa = PBXFileReference; fileEncoding = 4; lastKnownFileType = sourcecode.c.c; path = vtmarquee.c; sourceTree = "<group>"; };
		A024C11F0EAE4E1F007B6740 /* xmarquee.c */ = {isa = PBXFileReference; fileEncoding = 4; lastKnownFileType = sourcecode.c.c; path = xmarquee.c; sourceTree = "<group>"; };
		A024C1200EAE4E1F007B6740 /* xmas.c */ = {isa = PBXFileReference; fileEncoding = 4; lastKnownFileType = sourcecode.c.c; path = xmas.c; sourceTree = "<group>"; };
		A024C1220EAE4E1F007B6740 /* 2oneline.cpp */ = {isa = PBXFileReference; fileEncoding = 4; lastKnownFileType = sourcecode.cpp.cpp; path = 2oneline.cpp; sourceTree = "<group>"; };
		A024C1230EAE4E1F007B6740 /* linewrap.cpp */ = {isa = PBXFileReference; fileEncoding = 4; lastKnownFileType = sourcecode.cpp.cpp; path = linewrap.cpp; sourceTree = "<group>"; };
		A024C1250EAE4E1F007B6740 /* ansi.pl */ = {isa = PBXFileReference; fileEncoding = 4; lastKnownFileType = text.script.perl; path = ansi.pl; sourceTree = "<group>"; };
		A024C1260EAE4E1F007B6740 /* crypt.pl */ = {isa = PBXFileReference; fileEncoding = 4; lastKnownFileType = text.script.perl; path = crypt.pl; sourceTree = "<group>"; };
		A024C1270EAE4E1F007B6740 /* ftpcp.pl */ = {isa = PBXFileReference; fileEncoding = 4; lastKnownFileType = text.script.perl; path = ftpcp.pl; sourceTree = "<group>"; };
		A024C1280EAE4E1F007B6740 /* open.pl */ = {isa = PBXFileReference; fileEncoding = 4; lastKnownFileType = text.script.perl; path = open.pl; sourceTree = "<group>"; };
		A024C1290EAE4E1F007B6740 /* passgen.pl */ = {isa = PBXFileReference; fileEncoding = 4; lastKnownFileType = text.script.perl; path = passgen.pl; sourceTree = "<group>"; };
		A024C12A0EAE4E1F007B6740 /* popclear.pl */ = {isa = PBXFileReference; fileEncoding = 4; lastKnownFileType = text.script.perl; path = popclear.pl; sourceTree = "<group>"; };
		A024C12B0EAE4E1F007B6740 /* send.pl */ = {isa = PBXFileReference; fileEncoding = 4; lastKnownFileType = text.script.perl; path = send.pl; sourceTree = "<group>"; };
		A024C12C0EAE4E1F007B6740 /* syslog.pl */ = {isa = PBXFileReference; fileEncoding = 4; lastKnownFileType = text.script.perl; path = syslog.pl; sourceTree = "<group>"; };
		A024C12D0EAE4E1F007B6740 /* time.pl */ = {isa = PBXFileReference; fileEncoding = 4; lastKnownFileType = text.script.perl; path = time.pl; sourceTree = "<group>"; };
		A024C16E0EAE7BEB007B6740 /* mod_extended.c */ = {isa = PBXFileReference; fileEncoding = 4; lastKnownFileType = sourcecode.c.c; path = mod_extended.c; sourceTree = "<group>"; };
		A024C16F0EAE7BEB007B6740 /* mod_extended.sym */ = {isa = PBXFileReference; fileEncoding = 4; lastKnownFileType = text; path = mod_extended.sym; sourceTree = "<group>"; };
/* End PBXFileReference section */

/* Begin PBXGroup section */
		A024BFBD0EAE49DF007B6740 = {
			isa = PBXGroup;
			children = (
				A024BFD80EAE4ACF007B6740 /* acinclude.m4 */,
				A024BFD90EAE4ACF007B6740 /* AUTHORS */,
				A024BFDA0EAE4ACF007B6740 /* ChangeLog */,
				A024BFDB0EAE4ACF007B6740 /* configure.ac */,
				A024BFDC0EAE4ACF007B6740 /* COPYING */,
				A024BFE30EAE4AF9007B6740 /* doc */,
				A024BFE10EAE4ADA007B6740 /* include */,
				A024BFDD0EAE4ACF007B6740 /* INSTALL */,
				A024BFDE0EAE4ACF007B6740 /* Makefile.am */,
				A024BFDF0EAE4ACF007B6740 /* NEWS */,
				A024BFE00EAE4ACF007B6740 /* README */,
				A024BFD00EAE4A0B007B6740 /* src */,
			);
			sourceTree = "<group>";
		};
		A024BFD00EAE4A0B007B6740 /* src */ = {
			isa = PBXGroup;
			children = (
				A024BFD10EAE4A22007B6740 /* c */,
				A024C0750EAE4E1F007B6740 /* objc */,
				A024C0B10EAE4E1F007B6740 /* sdk */,
				A024C0F60EAE4E1F007B6740 /* unsorted */,
			);
			path = src;
			sourceTree = "<group>";
		};
		A024BFD10EAE4A22007B6740 /* c */ = {
			isa = PBXGroup;
			children = (
				A024BFF00EAE4DE5007B6740 /* BerkeleyDB */,
				A024BFEE0EAE4B4F007B6740 /* chroot */,
				A024BFF50EAE4DE5007B6740 /* dll */,
				A024C01F0EAE4DE5007B6740 /* dynamic-memory */,
				A024C0230EAE4DE5007B6740 /* encryption */,
				A024C0280EAE4DE5007B6740 /* files */,
				A024C02B0EAE4DE5007B6740 /* getopt */,
				A024C02E0EAE4DE5007B6740 /* id */,
				A024C0310EAE4DE5007B6740 /* ldap */,
				A024BFD20EAE4A33007B6740 /* ltdl */,
				A024C0390EAE4DE5007B6740 /* misc */,
				A024C0480EAE4DE6007B6740 /* modules */,
				A024C04D0EAE4DE6007B6740 /* opengl-guide */,
				A024C0540EAE4DE6007B6740 /* socket */,
				A024C05F0EAE4DE6007B6740 /* socket2 */,
				A024C0670EAE4DE6007B6740 /* sort */,
				A024C06A0EAE4DE6007B6740 /* ssl */,
				A024C06D0EAE4DE6007B6740 /* templates */,
				A024C0720EAE4DE6007B6740 /* thread */,
			);
			path = c;
			sourceTree = "<group>";
		};
		A024BFD20EAE4A33007B6740 /* ltdl */ = {
			isa = PBXGroup;
			children = (
				A024BFD30EAE4A4F007B6740 /* Makefile */,
				A024C16E0EAE7BEB007B6740 /* mod_extended.c */,
				A024C16F0EAE7BEB007B6740 /* mod_extended.sym */,
				A024BFD40EAE4A4F007B6740 /* mod_simple.c */,
				A024BFD60EAE4A4F007B6740 /* simple-loader.c */,
			);
			path = ltdl;
			sourceTree = "<group>";
		};
		A024BFE10EAE4ADA007B6740 /* include */ = {
			isa = PBXGroup;
			children = (
				A024BFE20EAE4AEF007B6740 /* spear.h */,
			);
			path = include;
			sourceTree = "<group>";
		};
		A024BFE30EAE4AF9007B6740 /* doc */ = {
			isa = PBXGroup;
			children = (
				A024BFE40EAE4B11007B6740 /* spear.texi */,
			);
			path = doc;
			sourceTree = "<group>";
		};
		A024BFEE0EAE4B4F007B6740 /* chroot */ = {
			isa = PBXGroup;
			children = (
			);
			path = chroot;
			sourceTree = "<group>";
		};
		A024BFF00EAE4DE5007B6740 /* BerkeleyDB */ = {
			isa = PBXGroup;
			children = (
				A024BFF10EAE4DE5007B6740 /* Makefile */,
				A024BFF20EAE4DE5007B6740 /* example.h */,
				A024BFF30EAE4DE5007B6740 /* simple-bdb.c */,
				A024BFF40EAE4DE5007B6740 /* simple-bdbenv.c */,
			);
			path = BerkeleyDB;
			sourceTree = "<group>";
		};
		A024BFF50EAE4DE5007B6740 /* dll */ = {
			isa = PBXGroup;
			children = (
				A024BFF60EAE4DE5007B6740 /* Debug */,
				A024C0070EAE4DE5007B6740 /* Makefile */,
				A024C0080EAE4DE5007B6740 /* README.txt */,
				A024C0090EAE4DE5007B6740 /* VBExample.vbp */,
				A024C00A0EAE4DE5007B6740 /* VBExample.vbw */,
				A024C00B0EAE4DE5007B6740 /* binexample.dsp */,
				A024C00C0EAE4DE5007B6740 /* binexample.dsw */,
				A024C00D0EAE4DE5007B6740 /* binexample.ncb */,
				A024C00E0EAE4DE5007B6740 /* binexample.opt */,
				A024C00F0EAE4DE5007B6740 /* binexample.plg */,
				A024C0100EAE4DE5007B6740 /* include */,
				A024C0120EAE4DE5007B6740 /* lib */,
				A024C0150EAE4DE5007B6740 /* libexample.def */,
				A024C0160EAE4DE5007B6740 /* libexample.dsp */,
				A024C0170EAE4DE5007B6740 /* libexample.dsw */,
				A024C0180EAE4DE5007B6740 /* libexample.ncb */,
				A024C0190EAE4DE5007B6740 /* libexample.opt */,
				A024C01A0EAE4DE5007B6740 /* libexample.plg */,
				A024C01B0EAE4DE5007B6740 /* src */,
				A024C01E0EAE4DE5007B6740 /* vbexample.frm */,
			);
			path = dll;
			sourceTree = "<group>";
		};
		A024BFF60EAE4DE5007B6740 /* Debug */ = {
			isa = PBXGroup;
			children = (
				A024BFF70EAE4DE5007B6740 /* binexample */,
				A024BFF80EAE4DE5007B6740 /* binexample.exe */,
				A024BFF90EAE4DE5007B6740 /* binexample.ilk */,
				A024BFFA0EAE4DE5007B6740 /* binexample.obj */,
				A024BFFB0EAE4DE5007B6740 /* binexample.pch */,
				A024BFFC0EAE4DE5007B6740 /* binexample.pdb */,
				A024BFFD0EAE4DE5007B6740 /* libexample.dll */,
				A024BFFE0EAE4DE5007B6740 /* libexample.exp */,
				A024BFFF0EAE4DE5007B6740 /* libexample.ilk */,
				A024C0000EAE4DE5007B6740 /* libexample.lib */,
				A024C0010EAE4DE5007B6740 /* libexample.obj */,
				A024C0020EAE4DE5007B6740 /* libexample.pch */,
				A024C0030EAE4DE5007B6740 /* libexample.pdb */,
				A024C0040EAE4DE5007B6740 /* libexample.so */,
				A024C0050EAE4DE5007B6740 /* vc60.idb */,
				A024C0060EAE4DE5007B6740 /* vc60.pdb */,
			);
			path = Debug;
			sourceTree = "<group>";
		};
		A024C0100EAE4DE5007B6740 /* include */ = {
			isa = PBXGroup;
			children = (
				A024C0110EAE4DE5007B6740 /* example.h */,
			);
			path = include;
			sourceTree = "<group>";
		};
		A024C0120EAE4DE5007B6740 /* lib */ = {
			isa = PBXGroup;
			children = (
				A024C0130EAE4DE5007B6740 /* libexample.c */,
				A024C0140EAE4DE5007B6740 /* libexample.h */,
			);
			path = lib;
			sourceTree = "<group>";
		};
		A024C01B0EAE4DE5007B6740 /* src */ = {
			isa = PBXGroup;
			children = (
				A024C01C0EAE4DE5007B6740 /* binexample.c */,
				A024C01D0EAE4DE5007B6740 /* binexample.h */,
			);
			path = src;
			sourceTree = "<group>";
		};
		A024C01F0EAE4DE5007B6740 /* dynamic-memory */ = {
			isa = PBXGroup;
			children = (
				A024C0200EAE4DE5007B6740 /* Makefile */,
				A024C0210EAE4DE5007B6740 /* growing-buffer.c */,
				A024C0220EAE4DE5007B6740 /* realloc.c */,
			);
			path = "dynamic-memory";
			sourceTree = "<group>";
		};
		A024C0230EAE4DE5007B6740 /* encryption */ = {
			isa = PBXGroup;
			children = (
				A024C0240EAE4DE5007B6740 /* Makefile */,
				A024C0250EAE4DE5007B6740 /* crypt.c */,
				A024C0260EAE4DE5007B6740 /* sha1-base64.c */,
				A024C0270EAE4DE5007B6740 /* sha1.c */,
			);
			path = encryption;
			sourceTree = "<group>";
		};
		A024C0280EAE4DE5007B6740 /* files */ = {
			isa = PBXGroup;
			children = (
				A024C0290EAE4DE5007B6740 /* Makefile */,
				A024C02A0EAE4DE5007B6740 /* stat.c */,
			);
			path = files;
			sourceTree = "<group>";
		};
		A024C02B0EAE4DE5007B6740 /* getopt */ = {
			isa = PBXGroup;
			children = (
				A024C02C0EAE4DE5007B6740 /* Makefile */,
				A024C02D0EAE4DE5007B6740 /* getopt.c */,
			);
			path = getopt;
			sourceTree = "<group>";
		};
		A024C02E0EAE4DE5007B6740 /* id */ = {
			isa = PBXGroup;
			children = (
				A024C02F0EAE4DE5007B6740 /* Makefile */,
				A024C0300EAE4DE5007B6740 /* setuid.c */,
			);
			path = id;
			sourceTree = "<group>";
		};
		A024C0310EAE4DE5007B6740 /* ldap */ = {
			isa = PBXGroup;
			children = (
				A024C0320EAE4DE5007B6740 /* Makefile */,
				A024C0330EAE4DE5007B6740 /* ldapadd.c */,
				A024C0340EAE4DE5007B6740 /* ldapblaster.c */,
				A024C0350EAE4DE5007B6740 /* ldapblaster.h */,
				A024C0360EAE4DE5007B6740 /* ldapconfig.h */,
				A024C0370EAE4DE5007B6740 /* ldapsearch.c */,
				A024C0380EAE4DE5007B6740 /* ldapurl.c */,
			);
			path = ldap;
			sourceTree = "<group>";
		};
		A024C0390EAE4DE5007B6740 /* misc */ = {
			isa = PBXGroup;
			children = (
				A024C03A0EAE4DE5007B6740 /* bitwise.c */,
				A024C03B0EAE4DE5007B6740 /* cryption.c */,
				A024C03C0EAE4DE5007B6740 /* ctime.c */,
				A024C03D0EAE4DE5007B6740 /* regex.c */,
				A024C03E0EAE4DE5007B6740 /* socket */,
				A024C0460EAE4DE6007B6740 /* struct_tm.c */,
				A024C0470EAE4DE6007B6740 /* tm_isdst.c */,
			);
			path = misc;
			sourceTree = "<group>";
		};
		A024C03E0EAE4DE5007B6740 /* socket */ = {
			isa = PBXGroup;
			children = (
				A024C03F0EAE4DE5007B6740 /* socket_functions.c */,
				A024C0400EAE4DE5007B6740 /* socket_functions.h */,
				A024C0410EAE4DE6007B6740 /* socket_tcp.c.bak */,
				A024C0420EAE4DE6007B6740 /* tcp_client.c */,
				A024C0430EAE4DE6007B6740 /* tcp_client.h */,
				A024C0440EAE4DE6007B6740 /* tcp_server.c */,
				A024C0450EAE4DE6007B6740 /* tcp_server.h */,
			);
			path = socket;
			sourceTree = "<group>";
		};
		A024C0480EAE4DE6007B6740 /* modules */ = {
			isa = PBXGroup;
			children = (
				A024C0490EAE4DE6007B6740 /* Makefile */,
				A024C04A0EAE4DE6007B6740 /* loader.c */,
				A024C04B0EAE4DE6007B6740 /* simple-loader.c */,
				A024C04C0EAE4DE6007B6740 /* simple-module.c */,
			);
			path = modules;
			sourceTree = "<group>";
		};
		A024C04D0EAE4DE6007B6740 /* opengl-guide */ = {
			isa = PBXGroup;
			children = (
				A024C04E0EAE4DE6007B6740 /* Makefile */,
				A024C04F0EAE4DE6007B6740 /* example.p6.f1-1.c */,
				A024C0500EAE4DE6007B6740 /* glx.c */,
				A024C0510EAE4DE6007B6740 /* glx.cpp */,
				A024C0520EAE4DE6007B6740 /* syzdek-001.c */,
				A024C0530EAE4DE6007B6740 /* syzdek-002.c */,
			);
			path = "opengl-guide";
			sourceTree = "<group>";
		};
		A024C0540EAE4DE6007B6740 /* socket */ = {
			isa = PBXGroup;
			children = (
				A024C0550EAE4DE6007B6740 /* Makefile */,
				A024C0560EAE4DE6007B6740 /* example.h */,
				A024C0570EAE4DE6007B6740 /* getpeername.c */,
				A024C0580EAE4DE6007B6740 /* libwrap.c */,
				A024C0590EAE4DE6007B6740 /* multi-client-echo-server.c */,
				A024C05A0EAE4DE6007B6740 /* select.c */,
				A024C05B0EAE4DE6007B6740 /* socket-server.c */,
				A024C05C0EAE4DE6007B6740 /* unix-socket-client.c */,
				A024C05D0EAE4DE6007B6740 /* unix-socket-server-poll.c */,
				A024C05E0EAE4DE6007B6740 /* unix-socket-server.c */,
			);
			path = socket;
			sourceTree = "<group>";
		};
		A024C05F0EAE4DE6007B6740 /* socket2 */ = {
			isa = PBXGroup;
			children = (
				A024C0600EAE4DE6007B6740 /* socket_functions.c */,
				A024C0610EAE4DE6007B6740 /* socket_functions.h */,
				A024C0620EAE4DE6007B6740 /* socket_tcp.c.bak */,
				A024C0630EAE4DE6007B6740 /* tcp_client.c */,
				A024C0640EAE4DE6007B6740 /* tcp_client.h */,
				A024C0650EAE4DE6007B6740 /* tcp_server.c */,
				A024C0660EAE4DE6007B6740 /* tcp_server.h */,
			);
			path = socket2;
			sourceTree = "<group>";
		};
		A024C0670EAE4DE6007B6740 /* sort */ = {
			isa = PBXGroup;
			children = (
				A024C0680EAE4DE6007B6740 /* Makefile */,
				A024C0690EAE4DE6007B6740 /* mergesort_struct.c */,
			);
			path = sort;
			sourceTree = "<group>";
		};
		A024C06A0EAE4DE6007B6740 /* ssl */ = {
			isa = PBXGroup;
			children = (
				A024C06B0EAE4DE6007B6740 /* Makefile */,
				A024C06C0EAE4DE6007B6740 /* ssl-http.c */,
			);
			path = ssl;
			sourceTree = "<group>";
		};
		A024C06D0EAE4DE6007B6740 /* templates */ = {
			isa = PBXGroup;
			children = (
				A024C06E0EAE4DE6007B6740 /* Makefile */,
				A024C06F0EAE4DE6007B6740 /* main.c */,
				A024C0700EAE4DE6007B6740 /* object.c */,
				A024C0710EAE4DE6007B6740 /* object.h */,
			);
			path = templates;
			sourceTree = "<group>";
		};
		A024C0720EAE4DE6007B6740 /* thread */ = {
			isa = PBXGroup;
			children = (
				A024C0730EAE4DE6007B6740 /* Makefile */,
				A024C0740EAE4DE6007B6740 /* waitpid.c */,
			);
			path = thread;
			sourceTree = "<group>";
		};
		A024C0750EAE4E1F007B6740 /* objc */ = {
			isa = PBXGroup;
			children = (
				A024C0760EAE4E1F007B6740 /* array */,
				A024C0780EAE4E1F007B6740 /* autoreleasePool */,
				A024C07B0EAE4E1F007B6740 /* calculators */,
				A024C08C0EAE4E1F007B6740 /* cbindings */,
				A024C0930EAE4E1F007B6740 /* hello */,
				A024C0980EAE4E1F007B6740 /* hello2 */,
				A024C09B0EAE4E1F007B6740 /* misc */,
				A024C0A10EAE4E1F007B6740 /* nsstring */,
				A024C0A60EAE4E1F007B6740 /* protocol */,
				A024C0AF0EAE4E1F007B6740 /* retain */,
			);
			path = objc;
			sourceTree = "<group>";
		};
		A024C0760EAE4E1F007B6740 /* array */ = {
			isa = PBXGroup;
			children = (
				A024C0770EAE4E1F007B6740 /* mutableArray.m */,
			);
			path = array;
			sourceTree = "<group>";
		};
		A024C0780EAE4E1F007B6740 /* autoreleasePool */ = {
			isa = PBXGroup;
			children = (
				A024C0790EAE4E1F007B6740 /* Makefile */,
				A024C07A0EAE4E1F007B6740 /* autoreleasePool.m */,
			);
			path = autoreleasePool;
			sourceTree = "<group>";
		};
		A024C07B0EAE4E1F007B6740 /* calculators */ = {
			isa = PBXGroup;
			children = (
				A024C07C0EAE4E1F007B6740 /* Makefile */,
				A024C07D0EAE4E1F007B6740 /* doc */,
				A024C07F0EAE4E1F007B6740 /* src */,
			);
			path = calculators;
			sourceTree = "<group>";
		};
		A024C07D0EAE4E1F007B6740 /* doc */ = {
			isa = PBXGroup;
			children = (
				A024C07E0EAE4E1F007B6740 /* Doxyfile */,
			);
			path = doc;
			sourceTree = "<group>";
		};
		A024C07F0EAE4E1F007B6740 /* src */ = {
			isa = PBXGroup;
			children = (
				A024C0800EAE4E1F007B6740 /* LengthObject.h */,
				A024C0810EAE4E1F007B6740 /* LengthObject.m */,
				A024C0820EAE4E1F007B6740 /* LoanCalculator.h */,
				A024C0830EAE4E1F007B6740 /* LoanCalculator.m */,
				A024C0840EAE4E1F007B6740 /* SSCObject.h */,
				A024C0850EAE4E1F007B6740 /* SSCObject.m */,
				A024C0860EAE4E1F007B6740 /* TemperatureObject.h */,
				A024C0870EAE4E1F007B6740 /* TemperatureObject.m */,
				A024C0880EAE4E1F007B6740 /* common.h */,
				A024C0890EAE4E1F007B6740 /* length.m */,
				A024C08A0EAE4E1F007B6740 /* loan.m */,
				A024C08B0EAE4E1F007B6740 /* temperature.m */,
			);
			path = src;
			sourceTree = "<group>";
		};
		A024C08C0EAE4E1F007B6740 /* cbindings */ = {
			isa = PBXGroup;
			children = (
				A024C08D0EAE4E1F007B6740 /* Makefile */,
				A024C08E0EAE4E1F007B6740 /* MyClass.h */,
				A024C08F0EAE4E1F007B6740 /* MyClass.m */,
				A024C0900EAE4E1F007B6740 /* cBindings.h */,
				A024C0910EAE4E1F007B6740 /* cBindings.m */,
				A024C0920EAE4E1F007B6740 /* main.c */,
			);
			path = cbindings;
			sourceTree = "<group>";
		};
		A024C0930EAE4E1F007B6740 /* hello */ = {
			isa = PBXGroup;
			children = (
				A024C0940EAE4E1F007B6740 /* HelloWorld.h */,
				A024C0950EAE4E1F007B6740 /* HelloWorld.m */,
				A024C0960EAE4E1F007B6740 /* Makefile */,
				A024C0970EAE4E1F007B6740 /* hello.m */,
			);
			path = hello;
			sourceTree = "<group>";
		};
		A024C0980EAE4E1F007B6740 /* hello2 */ = {
			isa = PBXGroup;
			children = (
				A024C0990EAE4E1F007B6740 /* Makefile */,
				A024C09A0EAE4E1F007B6740 /* simple.m */,
			);
			path = hello2;
			sourceTree = "<group>";
		};
		A024C09B0EAE4E1F007B6740 /* misc */ = {
			isa = PBXGroup;
			children = (
				A024C09C0EAE4E1F007B6740 /* access.m */,
				A024C09D0EAE4E1F007B6740 /* fraction.m */,
				A024C09E0EAE4E1F007B6740 /* hello.m */,
				A024C09F0EAE4E1F007B6740 /* nsState.m */,
				A024C0A00EAE4E1F007B6740 /* shape.m */,
			);
			path = misc;
			sourceTree = "<group>";
		};
		A024C0A10EAE4E1F007B6740 /* nsstring */ = {
			isa = PBXGroup;
			children = (
				A024C0A20EAE4E1F007B6740 /* Makefile */,
				A024C0A30EAE4E1F007B6740 /* nsstring.m */,
				A024C0A40EAE4E1F007B6740 /* nsstring2.m */,
				A024C0A50EAE4E1F007B6740 /* nstring-comapre.m */,
			);
			path = nsstring;
			sourceTree = "<group>";
		};
		A024C0A60EAE4E1F007B6740 /* protocol */ = {
			isa = PBXGroup;
			children = (
				A024C0A70EAE4E1F007B6740 /* FirstClass.h */,
				A024C0A80EAE4E1F007B6740 /* FirstClass.m */,
				A024C0A90EAE4E1F007B6740 /* FirstProtocol.h */,
				A024C0AA0EAE4E1F007B6740 /* FirstProtocol.m */,
				A024C0AB0EAE4E1F007B6740 /* Makefile */,
				A024C0AC0EAE4E1F007B6740 /* SecondClass.h */,
				A024C0AD0EAE4E1F007B6740 /* SecondClass.m */,
				A024C0AE0EAE4E1F007B6740 /* protocolTest.m */,
			);
			path = protocol;
			sourceTree = "<group>";
		};
		A024C0AF0EAE4E1F007B6740 /* retain */ = {
			isa = PBXGroup;
			children = (
				A024C0B00EAE4E1F007B6740 /* mutableArray.m */,
			);
			path = retain;
			sourceTree = "<group>";
		};
		A024C0B10EAE4E1F007B6740 /* sdk */ = {
			isa = PBXGroup;
			children = (
				A024C0B20EAE4E1F007B6740 /* curl */,
				A024C0BD0EAE4E1F007B6740 /* libxml2 */,
			);
			path = sdk;
			sourceTree = "<group>";
		};
		A024C0B20EAE4E1F007B6740 /* curl */ = {
			isa = PBXGroup;
			children = (
				A024C0B30EAE4E1F007B6740 /* Makefile */,
				A024C0B40EAE4E1F007B6740 /* src */,
				A024C0BC0EAE4E1F007B6740 /* test.txt */,
			);
			path = curl;
			sourceTree = "<group>";
		};
		A024C0B40EAE4E1F007B6740 /* src */ = {
			isa = PBXGroup;
			children = (
				A024C0B50EAE4E1F007B6740 /* data.xml */,
				A024C0B60EAE4E1F007B6740 /* form.php */,
				A024C0B70EAE4E1F007B6740 /* post-callback */,
				A024C0B80EAE4E1F007B6740 /* post-callback.c */,
				A024C0B90EAE4E1F007B6740 /* post.php */,
				A024C0BA0EAE4E1F007B6740 /* postit2 */,
				A024C0BB0EAE4E1F007B6740 /* postit2.c */,
			);
			path = src;
			sourceTree = "<group>";
		};
		A024C0BD0EAE4E1F007B6740 /* libxml2 */ = {
			isa = PBXGroup;
			children = (
				A024C0BE0EAE4E1F007B6740 /* Makefile */,
				A024C0BF0EAE4E1F007B6740 /* data */,
				A024C0D20EAE4E1F007B6740 /* doc */,
				A024C0E40EAE4E1F007B6740 /* src */,
				A024C0F50EAE4E1F007B6740 /* test.c */,
			);
			path = libxml2;
			sourceTree = "<group>";
		};
		A024C0BF0EAE4E1F007B6740 /* data */ = {
			isa = PBXGroup;
			children = (
				A024C0C00EAE4E1F007B6740 /* cd_catalog.xml */,
				A024C0C10EAE4E1F007B6740 /* note.xml */,
				A024C0C20EAE4E1F007B6740 /* plant_catalog.xml */,
				A024C0C30EAE4E1F007B6740 /* rim */,
				A024C0CF0EAE4E1F007B6740 /* simple.xml */,
				A024C0D00EAE4E1F007B6740 /* test1.xml */,
				A024C0D10EAE4E1F007B6740 /* test2.xml */,
			);
			path = data;
			sourceTree = "<group>";
		};
		A024C0C30EAE4E1F007B6740 /* rim */ = {
			isa = PBXGroup;
			children = (
				A024C0C40EAE4E1F007B6740 /* Activate_Enterprise_Internet_Browsing_Service_for_Subscriber_1.xml */,
				A024C0C50EAE4E1F007B6740 /* Activate_Enterprise__Internet_Browsing_Service_on_Subscriber_4.xml */,
				A024C0C60EAE4E1F007B6740 /* Activate_Enterprise_and_Prosumer_Internet_Browsing_Service_for_Subscriber_3.xml */,
				A024C0C70EAE4E1F007B6740 /* Activate_Prosumer__Internet_Browsing_Service_for_Subscriber_2.xml */,
				A024C0C80EAE4E1F007B6740 /* Deactivate_Subscriber_2.xml */,
				A024C0C90EAE4E1F007B6740 /* Modify_Subscriber_3_to_Prosumer.xml */,
				A024C0CA0EAE4E1F007B6740 /* Modify_Subscriber_4_to_Prosumer_Internet_Browsing_Service.xml */,
				A024C0CB0EAE4E1F007B6740 /* Modify_subscriber_1_to_Enterprise_and_Prosumer__Internet_Browsing_Service.xml */,
				A024C0CC0EAE4E1F007B6740 /* Resume_Subscriber_1.xml */,
				A024C0CD0EAE4E1F007B6740 /* Status_for_Subscriber_3.xml */,
				A024C0CE0EAE4E1F007B6740 /* Suspend_Subscriber_1.xml */,
			);
			path = rim;
			sourceTree = "<group>";
		};
		A024C0D20EAE4E1F007B6740 /* doc */ = {
			isa = PBXGroup;
			children = (
				A024C0D30EAE4E1F007B6740 /* Doxyfile */,
				A024C0D40EAE4E1F007B6740 /* html */,
				A024C0DF0EAE4E1F007B6740 /* latex */,
			);
			path = doc;
			sourceTree = "<group>";
		};
		A024C0D40EAE4E1F007B6740 /* html */ = {
			isa = PBXGroup;
			children = (
				A024C0D50EAE4E1F007B6740 /* doxygen.css */,
				A024C0D60EAE4E1F007B6740 /* doxygen.png */,
				A024C0D70EAE4E1F007B6740 /* graph_legend.dot */,
				A024C0D80EAE4E1F007B6740 /* graph_legend.html */,
				A024C0D90EAE4E1F007B6740 /* graph_legend.png */,
				A024C0DA0EAE4E1F007B6740 /* index.html */,
				A024C0DB0EAE4E1F007B6740 /* tab_b.gif */,
				A024C0DC0EAE4E1F007B6740 /* tab_l.gif */,
				A024C0DD0EAE4E1F007B6740 /* tab_r.gif */,
				A024C0DE0EAE4E1F007B6740 /* tabs.css */,
			);
			path = html;
			sourceTree = "<group>";
		};
		A024C0DF0EAE4E1F007B6740 /* latex */ = {
			isa = PBXGroup;
			children = (
				A024C0E00EAE4E1F007B6740 /* FreeSans.ttf */,
				A024C0E10EAE4E1F007B6740 /* Makefile */,
				A024C0E20EAE4E1F007B6740 /* doxygen.sty */,
				A024C0E30EAE4E1F007B6740 /* refman.tex */,
			);
			path = latex;
			sourceTree = "<group>";
		};
		A024C0E40EAE4E1F007B6740 /* src */ = {
			isa = PBXGroup;
			children = (
				A024C0E50EAE4E1F007B6740 /* parse1.c */,
				A024C0E60EAE4E1F007B6740 /* parse2.c */,
				A024C0E70EAE4E1F007B6740 /* parse3.c */,
				A024C0E80EAE4E1F007B6740 /* parse4.c */,
				A024C0E90EAE4E1F007B6740 /* reader1.c */,
				A024C0EA0EAE4E1F007B6740 /* reader2.c */,
				A024C0EB0EAE4E1F007B6740 /* reader3.c */,
				A024C0EC0EAE4E1F007B6740 /* reader4.c */,
				A024C0ED0EAE4E1F007B6740 /* tree-rim.c */,
				A024C0EE0EAE4E1F007B6740 /* tree1.c */,
				A024C0EF0EAE4E1F007B6740 /* tree2.c */,
				A024C0F00EAE4E1F007B6740 /* tutorial */,
			);
			path = src;
			sourceTree = "<group>";
		};
		A024C0F00EAE4E1F007B6740 /* tutorial */ = {
			isa = PBXGroup;
			children = (
				A024C0F10EAE4E1F007B6740 /* attribute.c */,
				A024C0F20EAE4E1F007B6740 /* keyword.c */,
				A024C0F30EAE4E1F007B6740 /* story.xml */,
				A024C0F40EAE4E1F007B6740 /* xpath.c */,
			);
			path = tutorial;
			sourceTree = "<group>";
		};
		A024C0F60EAE4E1F007B6740 /* unsorted */ = {
			isa = PBXGroup;
			children = (
				A024C0F70EAE4E1F007B6740 /* Makefile */,
				A024C0F80EAE4E1F007B6740 /* blah */,
				A024C1030EAE4E1F007B6740 /* c */,
				A024C1210EAE4E1F007B6740 /* cpp */,
				A024C1240EAE4E1F007B6740 /* perl */,
			);
			path = unsorted;
			sourceTree = "<group>";
		};
		A024C0F80EAE4E1F007B6740 /* blah */ = {
			isa = PBXGroup;
			children = (
				A024C0F90EAE4E1F007B6740 /* bin2str.c */,
				A024C0FA0EAE4E1F007B6740 /* funcptr.c */,
				A024C0FB0EAE4E1F007B6740 /* getenv.c */,
				A024C0FC0EAE4E1F007B6740 /* greaterThan.c */,
				A024C0FD0EAE4E1F007B6740 /* ifor.c */,
				A024C0FE0EAE4E1F007B6740 /* signed.c */,
				A024C0FF0EAE4E1F007B6740 /* str2bin.c */,
				A024C1000EAE4E1F007B6740 /* str2hex.c */,
				A024C1010EAE4E1F007B6740 /* strtod-test.m */,
				A024C1020EAE4E1F007B6740 /* switch.c */,
			);
			path = blah;
			sourceTree = "<group>";
		};
		A024C1030EAE4E1F007B6740 /* c */ = {
			isa = PBXGroup;
			children = (
				A024C1040EAE4E1F007B6740 /* aquarium.c */,
				A024C1050EAE4E1F007B6740 /* bitordering.c */,
				A024C1060EAE4E1F007B6740 /* bitordering1.c */,
				A024C1070EAE4E1F007B6740 /* colors.c */,
				A024C1080EAE4E1F007B6740 /* critter.c */,
				A024C1090EAE4E1F007B6740 /* cubes.c */,
				A024C10A0EAE4E1F007B6740 /* cubes2.c */,
				A024C10B0EAE4E1F007B6740 /* dragon.c */,
				A024C10C0EAE4E1F007B6740 /* elephant.c */,
				A024C10D0EAE4E1F007B6740 /* elephant.h */,
				A024C10E0EAE4E1F007B6740 /* endian.c */,
				A024C10F0EAE4E1F007B6740 /* getpass.c */,
				A024C1100EAE4E1F007B6740 /* hbo.c */,
				A024C1110EAE4E1F007B6740 /* hello.c */,
				A024C1120EAE4E1F007B6740 /* nbo.c */,
				A024C1130EAE4E1F007B6740 /* numbers.c */,
				A024C1140EAE4E1F007B6740 /* passwd.c */,
				A024C1150EAE4E1F007B6740 /* pumpkin.c */,
				A024C1160EAE4E1F007B6740 /* pumpkin.h */,
				A024C1170EAE4E1F007B6740 /* rocket2.c */,
				A024C1180EAE4E1F007B6740 /* sizeof.c */,
				A024C1190EAE4E1F007B6740 /* snow.c */,
				A024C11A0EAE4E1F007B6740 /* status.c */,
				A024C11B0EAE4E1F007B6740 /* suicide.c */,
				A024C11C0EAE4E1F007B6740 /* target.c */,
				A024C11D0EAE4E1F007B6740 /* trailer.c */,
				A024C11E0EAE4E1F007B6740 /* vtmarquee.c */,
				A024C11F0EAE4E1F007B6740 /* xmarquee.c */,
				A024C1200EAE4E1F007B6740 /* xmas.c */,
			);
			path = c;
			sourceTree = "<group>";
		};
		A024C1210EAE4E1F007B6740 /* cpp */ = {
			isa = PBXGroup;
			children = (
				A024C1220EAE4E1F007B6740 /* 2oneline.cpp */,
				A024C1230EAE4E1F007B6740 /* linewrap.cpp */,
			);
			path = cpp;
			sourceTree = "<group>";
		};
		A024C1240EAE4E1F007B6740 /* perl */ = {
			isa = PBXGroup;
			children = (
				A024C1250EAE4E1F007B6740 /* ansi.pl */,
				A024C1260EAE4E1F007B6740 /* crypt.pl */,
				A024C1270EAE4E1F007B6740 /* ftpcp.pl */,
				A024C1280EAE4E1F007B6740 /* open.pl */,
				A024C1290EAE4E1F007B6740 /* passgen.pl */,
				A024C12A0EAE4E1F007B6740 /* popclear.pl */,
				A024C12B0EAE4E1F007B6740 /* send.pl */,
				A024C12C0EAE4E1F007B6740 /* syslog.pl */,
				A024C12D0EAE4E1F007B6740 /* time.pl */,
			);
			path = perl;
			sourceTree = "<group>";
		};
/* End PBXGroup section */

/* Begin PBXProject section */
		A024BFBF0EAE49DF007B6740 /* Project object */ = {
			isa = PBXProject;
			buildConfigurationList = A024BFC20EAE49DF007B6740 /* Build configuration list for PBXProject "Spear" */;
			compatibilityVersion = "Xcode 2.4";
			developmentRegion = English;
			hasScannedForEncodings = 0;
			knownRegions = (
				English,
				Japanese,
				French,
				German,
			);
			mainGroup = A024BFBD0EAE49DF007B6740;
			projectDirPath = "";
			projectRoot = "";
			targets = (
			);
		};
/* End PBXProject section */

/* Begin XCBuildConfiguration section */
		A024BFC00EAE49DF007B6740 /* Debug */ = {
			isa = XCBuildConfiguration;
			buildSettings = {
				COPY_PHASE_STRIP = NO;
			};
			name = Debug;
		};
		A024BFC10EAE49DF007B6740 /* Release */ = {
			isa = XCBuildConfiguration;
			buildSettings = {
				COPY_PHASE_STRIP = YES;
			};
			name = Release;
		};
/* End XCBuildConfiguration section */

/* Begin XCConfigurationList section */
		A024BFC20EAE49DF007B6740 /* Build configuration list for PBXProject "Spear" */ = {
			isa = XCConfigurationList;
			buildConfigurations = (
				A024BFC00EAE49DF007B6740 /* Debug */,
				A024BFC10EAE49DF007B6740 /* Release */,
			);
			defaultConfigurationIsVisible = 0;
			defaultConfigurationName = Release;
		};
/* End XCConfigurationList section */
	};
	rootObject = A024BFBF0EAE49DF007B6740 /* Project object */;
}
