// !$*UTF8*$!
{
	archiveVersion = 1;
	classes = {
	};
	objectVersion = 46;
	objects = {

/* Begin PBXBuildFile section */
		A028021214F0999700095E98 /* ldapmodify-async.c in Sources */ = {isa = PBXBuildFile; fileRef = A028020314F0995700095E98 /* ldapmodify-async.c */; };
		A028021714F09E5D00095E98 /* ldapcommon.c in Sources */ = {isa = PBXBuildFile; fileRef = A028021614F09E5D00095E98 /* ldapcommon.c */; };
		A02A234814D625E3000B31C7 /* pipedopen.c in Sources */ = {isa = PBXBuildFile; fileRef = A02A233814D6202E000B31C7 /* pipedopen.c */; };
		A0378BEB151573A50091EA7D /* libcrypto.dylib in Frameworks */ = {isa = PBXBuildFile; fileRef = A0378BEA151573A50091EA7D /* libcrypto.dylib */; };
		A0378BED151573AC0091EA7D /* libssl.dylib in Frameworks */ = {isa = PBXBuildFile; fileRef = A0378BEC151573AC0091EA7D /* libssl.dylib */; };
		A06B5C841510B2EA003189C2 /* peminfo.c in Sources */ = {isa = PBXBuildFile; fileRef = A06B5C821510B2E1003189C2 /* peminfo.c */; };
		A0A7523F151BEE6F00DCB366 /* libssl.dylib in Frameworks */ = {isa = PBXBuildFile; fileRef = A0378BEC151573AC0091EA7D /* libssl.dylib */; };
		A0A75240151BEE6F00DCB366 /* libcrypto.dylib in Frameworks */ = {isa = PBXBuildFile; fileRef = A0378BEA151573A50091EA7D /* libcrypto.dylib */; };
		A0A75247151BEE8200DCB366 /* servercertinfo.c in Sources */ = {isa = PBXBuildFile; fileRef = A0A7523A151BADB700DCB366 /* servercertinfo.c */; };
		A0ADAA741522FD5900FD191C /* liblber.dylib in Frameworks */ = {isa = PBXBuildFile; fileRef = A0BC03211496F84A001D23FA /* liblber.dylib */; };
		A0ADAA751522FD5900FD191C /* libldap.dylib in Frameworks */ = {isa = PBXBuildFile; fileRef = A0BC031F1496F83F001D23FA /* libldap.dylib */; };
		A0ADAA7C1522FDA400FD191C /* ldappeerchain.c in Sources */ = {isa = PBXBuildFile; fileRef = A0ADAA6F1522FBFD00FD191C /* ldappeerchain.c */; };
		A0BC031E1496F829001D23FA /* ldapsearch-sync.c in Sources */ = {isa = PBXBuildFile; fileRef = A0BC030B1496F4A0001D23FA /* ldapsearch-sync.c */; };
		A0BC03201496F83F001D23FA /* libldap.dylib in Frameworks */ = {isa = PBXBuildFile; fileRef = A0BC031F1496F83F001D23FA /* libldap.dylib */; };
		A0BC03221496F84A001D23FA /* liblber.dylib in Frameworks */ = {isa = PBXBuildFile; fileRef = A0BC03211496F84A001D23FA /* liblber.dylib */; };
		A0BC03311496F878001D23FA /* ldapsearch-async.c in Sources */ = {isa = PBXBuildFile; fileRef = A0BC030A1496F4A0001D23FA /* ldapsearch-async.c */; };
		A0BD68CB15213FE8009CEC85 /* common.c in Sources */ = {isa = PBXBuildFile; fileRef = A0BD68C915213FE7009CEC85 /* common.c */; };
		A0BD68CC15213FE8009CEC85 /* common.c in Sources */ = {isa = PBXBuildFile; fileRef = A0BD68C915213FE7009CEC85 /* common.c */; };
		A0F449E71530DC6800498BBB /* common.c in Sources */ = {isa = PBXBuildFile; fileRef = A0BD68C915213FE7009CEC85 /* common.c */; };
		A0F449E91530DC6800498BBB /* libssl.dylib in Frameworks */ = {isa = PBXBuildFile; fileRef = A0378BEC151573AC0091EA7D /* libssl.dylib */; };
		A0F449EA1530DC6800498BBB /* libcrypto.dylib in Frameworks */ = {isa = PBXBuildFile; fileRef = A0378BEA151573A50091EA7D /* libcrypto.dylib */; };
		A0F449F11530DC8900498BBB /* servercainfo.c in Sources */ = {isa = PBXBuildFile; fileRef = A0F449E31530DC0D00498BBB /* servercainfo.c */; };
		A0F449F61530E52100498BBB /* libssl.dylib in Frameworks */ = {isa = PBXBuildFile; fileRef = A0378BEC151573AC0091EA7D /* libssl.dylib */; };
		A0F449F71530E52400498BBB /* libcrypto.dylib in Frameworks */ = {isa = PBXBuildFile; fileRef = A0378BEA151573A50091EA7D /* libcrypto.dylib */; };
/* End PBXBuildFile section */

/* Begin PBXCopyFilesBuildPhase section */
		A028020614F0997800095E98 /* CopyFiles */ = {
			isa = PBXCopyFilesBuildPhase;
			buildActionMask = 2147483647;
			dstPath = /usr/share/man/man1/;
			dstSubfolderSpec = 0;
			files = (
			);
			runOnlyForDeploymentPostprocessing = 1;
		};
		A02A233C14D625D1000B31C7 /* CopyFiles */ = {
			isa = PBXCopyFilesBuildPhase;
			buildActionMask = 2147483647;
			dstPath = /usr/share/man/man1/;
			dstSubfolderSpec = 0;
			files = (
			);
			runOnlyForDeploymentPostprocessing = 1;
		};
		A06B5C761510B2CB003189C2 /* CopyFiles */ = {
			isa = PBXCopyFilesBuildPhase;
			buildActionMask = 2147483647;
			dstPath = /usr/share/man/man1/;
			dstSubfolderSpec = 0;
			files = (
			);
			runOnlyForDeploymentPostprocessing = 1;
		};
		A0A75241151BEE6F00DCB366 /* CopyFiles */ = {
			isa = PBXCopyFilesBuildPhase;
			buildActionMask = 2147483647;
			dstPath = /usr/share/man/man1/;
			dstSubfolderSpec = 0;
			files = (
			);
			runOnlyForDeploymentPostprocessing = 1;
		};
		A0ADAA761522FD5900FD191C /* CopyFiles */ = {
			isa = PBXCopyFilesBuildPhase;
			buildActionMask = 2147483647;
			dstPath = /usr/share/man/man1/;
			dstSubfolderSpec = 0;
			files = (
			);
			runOnlyForDeploymentPostprocessing = 1;
		};
		A0BC03111496F7A9001D23FA /* CopyFiles */ = {
			isa = PBXCopyFilesBuildPhase;
			buildActionMask = 2147483647;
			dstPath = /usr/share/man/man1/;
			dstSubfolderSpec = 0;
			files = (
			);
			runOnlyForDeploymentPostprocessing = 1;
		};
		A0BC03251496F862001D23FA /* CopyFiles */ = {
			isa = PBXCopyFilesBuildPhase;
			buildActionMask = 2147483647;
			dstPath = /usr/share/man/man1/;
			dstSubfolderSpec = 0;
			files = (
			);
			runOnlyForDeploymentPostprocessing = 1;
		};
		A0F449EB1530DC6800498BBB /* CopyFiles */ = {
			isa = PBXCopyFilesBuildPhase;
			buildActionMask = 2147483647;
			dstPath = /usr/share/man/man1/;
			dstSubfolderSpec = 0;
			files = (
			);
			runOnlyForDeploymentPostprocessing = 1;
		};
/* End PBXCopyFilesBuildPhase section */

/* Begin PBXFileReference section */
		A024BFD80EAE4ACF007B6740 /* acinclude.m4 */ = {isa = PBXFileReference; explicitFileType = text.script.sh; fileEncoding = 4; indentWidth = 3; path = acinclude.m4; sourceTree = "<group>"; tabWidth = 8; usesTabs = 1; };
		A024BFD90EAE4ACF007B6740 /* AUTHORS */ = {isa = PBXFileReference; fileEncoding = 4; lastKnownFileType = text; path = AUTHORS; sourceTree = "<group>"; };
		A024BFDA0EAE4ACF007B6740 /* ChangeLog */ = {isa = PBXFileReference; fileEncoding = 4; indentWidth = 8; lastKnownFileType = text; path = ChangeLog; sourceTree = "<group>"; tabWidth = 8; usesTabs = 1; };
		A024BFDB0EAE4ACF007B6740 /* configure.ac */ = {isa = PBXFileReference; explicitFileType = text.script.sh; fileEncoding = 4; indentWidth = 8; path = configure.ac; sourceTree = "<group>"; tabWidth = 8; usesTabs = 1; };
		A024BFDC0EAE4ACF007B6740 /* COPYING */ = {isa = PBXFileReference; fileEncoding = 4; lastKnownFileType = text; path = COPYING; sourceTree = "<group>"; };
		A024BFDE0EAE4ACF007B6740 /* Makefile.am */ = {isa = PBXFileReference; explicitFileType = sourcecode.make; fileEncoding = 4; indentWidth = 8; path = Makefile.am; sourceTree = "<group>"; tabWidth = 8; usesTabs = 1; };
		A024BFDF0EAE4ACF007B6740 /* NEWS */ = {isa = PBXFileReference; fileEncoding = 4; lastKnownFileType = text; path = NEWS; sourceTree = "<group>"; };
		A024BFE00EAE4ACF007B6740 /* README */ = {isa = PBXFileReference; fileEncoding = 4; lastKnownFileType = text; path = README; sourceTree = "<group>"; };
		A028020314F0995700095E98 /* ldapmodify-async.c */ = {isa = PBXFileReference; lastKnownFileType = sourcecode.c.c; path = "ldapmodify-async.c"; sourceTree = "<group>"; };
		A028020814F0997800095E98 /* ldapmodify-async */ = {isa = PBXFileReference; explicitFileType = "compiled.mach-o.executable"; includeInIndex = 0; path = "ldapmodify-async"; sourceTree = BUILT_PRODUCTS_DIR; };
		A028021614F09E5D00095E98 /* ldapcommon.c */ = {isa = PBXFileReference; fileEncoding = 4; lastKnownFileType = sourcecode.c.c; path = ldapcommon.c; sourceTree = "<group>"; };
		A028021A14F09E7E00095E98 /* ldapcommon.h */ = {isa = PBXFileReference; fileEncoding = 4; lastKnownFileType = sourcecode.c.h; path = ldapcommon.h; sourceTree = "<group>"; };
		A02A233814D6202E000B31C7 /* pipedopen.c */ = {isa = PBXFileReference; lastKnownFileType = sourcecode.c.c; path = pipedopen.c; sourceTree = "<group>"; };
		A02A233E14D625D1000B31C7 /* pipedopen */ = {isa = PBXFileReference; explicitFileType = "compiled.mach-o.executable"; includeInIndex = 0; path = pipedopen; sourceTree = BUILT_PRODUCTS_DIR; };
		A0378BEA151573A50091EA7D /* libcrypto.dylib */ = {isa = PBXFileReference; lastKnownFileType = "compiled.mach-o.dylib"; name = libcrypto.dylib; path = Platforms/MacOSX.platform/Developer/SDKs/MacOSX10.7.sdk/usr/lib/libcrypto.dylib; sourceTree = DEVELOPER_DIR; };
		A0378BEC151573AC0091EA7D /* libssl.dylib */ = {isa = PBXFileReference; lastKnownFileType = "compiled.mach-o.dylib"; name = libssl.dylib; path = Platforms/MacOSX.platform/Developer/SDKs/MacOSX10.7.sdk/usr/lib/libssl.dylib; sourceTree = DEVELOPER_DIR; };
		A06B5C721510B257003189C2 /* Makefile */ = {isa = PBXFileReference; explicitFileType = sourcecode.make; indentWidth = 8; path = Makefile; sourceTree = "<group>"; tabWidth = 8; usesTabs = 1; };
		A06B5C731510B257003189C2 /* sha1hash.c */ = {isa = PBXFileReference; lastKnownFileType = sourcecode.c.c; path = sha1hash.c; sourceTree = "<group>"; };
		A06B5C781510B2CB003189C2 /* peminfo */ = {isa = PBXFileReference; explicitFileType = "compiled.mach-o.executable"; includeInIndex = 0; path = peminfo; sourceTree = BUILT_PRODUCTS_DIR; };
		A06B5C821510B2E1003189C2 /* peminfo.c */ = {isa = PBXFileReference; fileEncoding = 4; lastKnownFileType = sourcecode.c.c; path = peminfo.c; sourceTree = "<group>"; };
		A0A7523A151BADB700DCB366 /* servercertinfo.c */ = {isa = PBXFileReference; lastKnownFileType = sourcecode.c.c; path = servercertinfo.c; sourceTree = "<group>"; };
		A0A75245151BEE6F00DCB366 /* servercertinfo */ = {isa = PBXFileReference; explicitFileType = "compiled.mach-o.executable"; includeInIndex = 0; path = servercertinfo; sourceTree = BUILT_PRODUCTS_DIR; };
		A0ADAA6F1522FBFD00FD191C /* ldappeerchain.c */ = {isa = PBXFileReference; path = ldappeerchain.c; sourceTree = "<group>"; };
		A0ADAA7A1522FD5900FD191C /* ldapcacert */ = {isa = PBXFileReference; explicitFileType = "compiled.mach-o.executable"; includeInIndex = 0; path = ldapcacert; sourceTree = BUILT_PRODUCTS_DIR; };
		A0B9EB3A12CA9FB10012747E /* Makefile */ = {isa = PBXFileReference; explicitFileType = sourcecode.make; fileEncoding = 4; indentWidth = 8; path = Makefile; sourceTree = "<group>"; tabWidth = 8; };
		A0BC030A1496F4A0001D23FA /* ldapsearch-async.c */ = {isa = PBXFileReference; lastKnownFileType = sourcecode.c.c; path = "ldapsearch-async.c"; sourceTree = "<group>"; };
		A0BC030B1496F4A0001D23FA /* ldapsearch-sync.c */ = {isa = PBXFileReference; lastKnownFileType = sourcecode.c.c; path = "ldapsearch-sync.c"; sourceTree = "<group>"; };
		A0BC03131496F7A9001D23FA /* ldapsearch-sync */ = {isa = PBXFileReference; explicitFileType = "compiled.mach-o.executable"; includeInIndex = 0; path = "ldapsearch-sync"; sourceTree = BUILT_PRODUCTS_DIR; };
		A0BC031F1496F83F001D23FA /* libldap.dylib */ = {isa = PBXFileReference; lastKnownFileType = "compiled.mach-o.dylib"; name = libldap.dylib; path = /usr/lib/libldap.dylib; sourceTree = "<absolute>"; };
		A0BC03211496F84A001D23FA /* liblber.dylib */ = {isa = PBXFileReference; lastKnownFileType = "compiled.mach-o.dylib"; name = liblber.dylib; path = /usr/lib/liblber.dylib; sourceTree = "<absolute>"; };
		A0BC03271496F862001D23FA /* ldapsearch-async */ = {isa = PBXFileReference; explicitFileType = "compiled.mach-o.executable"; includeInIndex = 0; path = "ldapsearch-async"; sourceTree = BUILT_PRODUCTS_DIR; };
		A0BD68C915213FE7009CEC85 /* common.c */ = {isa = PBXFileReference; fileEncoding = 4; lastKnownFileType = sourcecode.c.c; path = common.c; sourceTree = "<group>"; };
		A0BD68CA15213FE8009CEC85 /* common.h */ = {isa = PBXFileReference; fileEncoding = 4; lastKnownFileType = sourcecode.c.h; path = common.h; sourceTree = "<group>"; };
		A0F449E31530DC0D00498BBB /* servercainfo.c */ = {isa = PBXFileReference; lastKnownFileType = sourcecode.c.c; path = servercainfo.c; sourceTree = "<group>"; };
		A0F449EF1530DC6800498BBB /* servercainfo */ = {isa = PBXFileReference; explicitFileType = "compiled.mach-o.executable"; includeInIndex = 0; path = servercainfo; sourceTree = BUILT_PRODUCTS_DIR; };
/* End PBXFileReference section */

/* Begin PBXFrameworksBuildPhase section */
		A028020514F0997800095E98 /* Frameworks */ = {
			isa = PBXFrameworksBuildPhase;
			buildActionMask = 2147483647;
			files = (
			);
			runOnlyForDeploymentPostprocessing = 0;
		};
		A02A233B14D625D1000B31C7 /* Frameworks */ = {
			isa = PBXFrameworksBuildPhase;
			buildActionMask = 2147483647;
			files = (
			);
			runOnlyForDeploymentPostprocessing = 0;
		};
		A06B5C751510B2CB003189C2 /* Frameworks */ = {
			isa = PBXFrameworksBuildPhase;
			buildActionMask = 2147483647;
			files = (
				A0378BED151573AC0091EA7D /* libssl.dylib in Frameworks */,
				A0378BEB151573A50091EA7D /* libcrypto.dylib in Frameworks */,
			);
			runOnlyForDeploymentPostprocessing = 0;
		};
		A0A7523E151BEE6F00DCB366 /* Frameworks */ = {
			isa = PBXFrameworksBuildPhase;
			buildActionMask = 2147483647;
			files = (
				A0A7523F151BEE6F00DCB366 /* libssl.dylib in Frameworks */,
				A0A75240151BEE6F00DCB366 /* libcrypto.dylib in Frameworks */,
			);
			runOnlyForDeploymentPostprocessing = 0;
		};
		A0ADAA731522FD5900FD191C /* Frameworks */ = {
			isa = PBXFrameworksBuildPhase;
			buildActionMask = 2147483647;
			files = (
				A0ADAA741522FD5900FD191C /* liblber.dylib in Frameworks */,
				A0ADAA751522FD5900FD191C /* libldap.dylib in Frameworks */,
				A0F449F71530E52400498BBB /* libcrypto.dylib in Frameworks */,
				A0F449F61530E52100498BBB /* libssl.dylib in Frameworks */,
			);
			runOnlyForDeploymentPostprocessing = 0;
		};
		A0BC03101496F7A9001D23FA /* Frameworks */ = {
			isa = PBXFrameworksBuildPhase;
			buildActionMask = 2147483647;
			files = (
				A0BC03221496F84A001D23FA /* liblber.dylib in Frameworks */,
				A0BC03201496F83F001D23FA /* libldap.dylib in Frameworks */,
			);
			runOnlyForDeploymentPostprocessing = 0;
		};
		A0BC03241496F862001D23FA /* Frameworks */ = {
			isa = PBXFrameworksBuildPhase;
			buildActionMask = 2147483647;
			files = (
			);
			runOnlyForDeploymentPostprocessing = 0;
		};
		A0F449E81530DC6800498BBB /* Frameworks */ = {
			isa = PBXFrameworksBuildPhase;
			buildActionMask = 2147483647;
			files = (
				A0F449E91530DC6800498BBB /* libssl.dylib in Frameworks */,
				A0F449EA1530DC6800498BBB /* libcrypto.dylib in Frameworks */,
			);
			runOnlyForDeploymentPostprocessing = 0;
		};
/* End PBXFrameworksBuildPhase section */

/* Begin PBXGroup section */
		A024BFBD0EAE49DF007B6740 = {
			isa = PBXGroup;
			children = (
				A024BFD90EAE4ACF007B6740 /* AUTHORS */,
				A024BFDA0EAE4ACF007B6740 /* ChangeLog */,
				A024BFDC0EAE4ACF007B6740 /* COPYING */,
				A024BFDF0EAE4ACF007B6740 /* NEWS */,
				A024BFE00EAE4ACF007B6740 /* README */,
				A024BFD80EAE4ACF007B6740 /* acinclude.m4 */,
				A024BFDB0EAE4ACF007B6740 /* configure.ac */,
				A024BFDE0EAE4ACF007B6740 /* Makefile.am */,
				A0B9E9A712CA95B00012747E /* src */,
				A028021514F09DDC00095E98 /* Frameworks */,
				A0BC03141496F7A9001D23FA /* Products */,
			);
			sourceTree = "<group>";
		};
		A028021514F09DDC00095E98 /* Frameworks */ = {
			isa = PBXGroup;
			children = (
				A0378BEC151573AC0091EA7D /* libssl.dylib */,
				A0378BEA151573A50091EA7D /* libcrypto.dylib */,
				A0BC03211496F84A001D23FA /* liblber.dylib */,
				A0BC031F1496F83F001D23FA /* libldap.dylib */,
			);
			name = Frameworks;
			sourceTree = "<group>";
		};
		A02A233714D61F4A000B31C7 /* pipe */ = {
			isa = PBXGroup;
			children = (
				A02A233814D6202E000B31C7 /* pipedopen.c */,
			);
			path = pipe;
			sourceTree = "<group>";
		};
		A06B5C711510B233003189C2 /* openssl */ = {
			isa = PBXGroup;
			children = (
				A06B5C721510B257003189C2 /* Makefile */,
				A0BD68C915213FE7009CEC85 /* common.c */,
				A0BD68CA15213FE8009CEC85 /* common.h */,
				A06B5C821510B2E1003189C2 /* peminfo.c */,
				A0F449E31530DC0D00498BBB /* servercainfo.c */,
				A0A7523A151BADB700DCB366 /* servercertinfo.c */,
				A06B5C731510B257003189C2 /* sha1hash.c */,
			);
			path = openssl;
			sourceTree = "<group>";
		};
		A0B9E9A712CA95B00012747E /* src */ = {
			isa = PBXGroup;
			children = (
				A0B9EAF812CA95B00012747E /* lang */,
				A0B9EB0112CA95B00012747E /* sdk */,
			);
			path = src;
			sourceTree = "<group>";
		};
		A0B9EAF812CA95B00012747E /* lang */ = {
			isa = PBXGroup;
			children = (
				A0B9EAF912CA95B00012747E /* c */,
				A0B9EAFB12CA95B00012747E /* objc */,
				A0B9EAFD12CA95B00012747E /* perl */,
				A0B9EAFF12CA95B00012747E /* sh */,
			);
			path = lang;
			sourceTree = "<group>";
		};
		A0B9EAF912CA95B00012747E /* c */ = {
			isa = PBXGroup;
			children = (
				A02A233714D61F4A000B31C7 /* pipe */,
			);
			path = c;
			sourceTree = "<group>";
		};
		A0B9EAFB12CA95B00012747E /* objc */ = {
			isa = PBXGroup;
			children = (
			);
			path = objc;
			sourceTree = "<group>";
		};
		A0B9EAFD12CA95B00012747E /* perl */ = {
			isa = PBXGroup;
			children = (
			);
			path = perl;
			sourceTree = "<group>";
		};
		A0B9EAFF12CA95B00012747E /* sh */ = {
			isa = PBXGroup;
			children = (
			);
			path = sh;
			sourceTree = "<group>";
		};
		A0B9EB0112CA95B00012747E /* sdk */ = {
			isa = PBXGroup;
			children = (
				A0B9EB3912CA9FB10012747E /* openldap */,
				A06B5C711510B233003189C2 /* openssl */,
			);
			path = sdk;
			sourceTree = "<group>";
		};
		A0B9EB3912CA9FB10012747E /* openldap */ = {
			isa = PBXGroup;
			children = (
				A0ADAA6F1522FBFD00FD191C /* ldappeerchain.c */,
				A028021A14F09E7E00095E98 /* ldapcommon.h */,
				A028021614F09E5D00095E98 /* ldapcommon.c */,
				A028020314F0995700095E98 /* ldapmodify-async.c */,
				A0BC030A1496F4A0001D23FA /* ldapsearch-async.c */,
				A0BC030B1496F4A0001D23FA /* ldapsearch-sync.c */,
				A0B9EB3A12CA9FB10012747E /* Makefile */,
			);
			path = openldap;
			sourceTree = "<group>";
		};
		A0BC03141496F7A9001D23FA /* Products */ = {
			isa = PBXGroup;
			children = (
				A0BC03131496F7A9001D23FA /* ldapsearch-sync */,
				A0BC03271496F862001D23FA /* ldapsearch-async */,
				A02A233E14D625D1000B31C7 /* pipedopen */,
				A028020814F0997800095E98 /* ldapmodify-async */,
				A06B5C781510B2CB003189C2 /* peminfo */,
				A0A75245151BEE6F00DCB366 /* servercertinfo */,
				A0ADAA7A1522FD5900FD191C /* ldapcacert */,
				A0F449EF1530DC6800498BBB /* servercainfo */,
			);
			name = Products;
			sourceTree = "<group>";
		};
/* End PBXGroup section */

/* Begin PBXNativeTarget section */
		A028020714F0997800095E98 /* ldapmodify-async */ = {
			isa = PBXNativeTarget;
			buildConfigurationList = A028020F14F0997800095E98 /* Build configuration list for PBXNativeTarget "ldapmodify-async" */;
			buildPhases = (
				A028020414F0997800095E98 /* Sources */,
				A028020514F0997800095E98 /* Frameworks */,
				A028020614F0997800095E98 /* CopyFiles */,
			);
			buildRules = (
			);
			dependencies = (
			);
			name = "ldapmodify-async";
			productName = "ldapmodify-async";
			productReference = A028020814F0997800095E98 /* ldapmodify-async */;
			productType = "com.apple.product-type.tool";
		};
		A02A233D14D625D1000B31C7 /* pipedopen */ = {
			isa = PBXNativeTarget;
			buildConfigurationList = A02A234514D625D1000B31C7 /* Build configuration list for PBXNativeTarget "pipedopen" */;
			buildPhases = (
				A02A233A14D625D1000B31C7 /* Sources */,
				A02A233B14D625D1000B31C7 /* Frameworks */,
				A02A233C14D625D1000B31C7 /* CopyFiles */,
			);
			buildRules = (
			);
			dependencies = (
			);
			name = pipedopen;
			productName = pipedopen;
			productReference = A02A233E14D625D1000B31C7 /* pipedopen */;
			productType = "com.apple.product-type.tool";
		};
		A06B5C771510B2CB003189C2 /* peminfo */ = {
			isa = PBXNativeTarget;
			buildConfigurationList = A06B5C7F1510B2CB003189C2 /* Build configuration list for PBXNativeTarget "peminfo" */;
			buildPhases = (
				A06B5C741510B2CB003189C2 /* Sources */,
				A06B5C751510B2CB003189C2 /* Frameworks */,
				A06B5C761510B2CB003189C2 /* CopyFiles */,
			);
			buildRules = (
			);
			dependencies = (
			);
			name = peminfo;
			productName = peminfo;
			productReference = A06B5C781510B2CB003189C2 /* peminfo */;
			productType = "com.apple.product-type.tool";
		};
		A0A7523B151BEE6F00DCB366 /* servercertinfo */ = {
			isa = PBXNativeTarget;
			buildConfigurationList = A0A75242151BEE6F00DCB366 /* Build configuration list for PBXNativeTarget "servercertinfo" */;
			buildPhases = (
				A0A7523C151BEE6F00DCB366 /* Sources */,
				A0A7523E151BEE6F00DCB366 /* Frameworks */,
				A0A75241151BEE6F00DCB366 /* CopyFiles */,
			);
			buildRules = (
			);
			dependencies = (
			);
			name = servercertinfo;
			productName = peminfo;
			productReference = A0A75245151BEE6F00DCB366 /* servercertinfo */;
			productType = "com.apple.product-type.tool";
		};
		A0ADAA701522FD5900FD191C /* ldapcacert */ = {
			isa = PBXNativeTarget;
			buildConfigurationList = A0ADAA771522FD5900FD191C /* Build configuration list for PBXNativeTarget "ldapcacert" */;
			buildPhases = (
				A0ADAA711522FD5900FD191C /* Sources */,
				A0ADAA731522FD5900FD191C /* Frameworks */,
				A0ADAA761522FD5900FD191C /* CopyFiles */,
			);
			buildRules = (
			);
			dependencies = (
			);
			name = ldapcacert;
			productName = "ldapsearch-sync";
			productReference = A0ADAA7A1522FD5900FD191C /* ldapcacert */;
			productType = "com.apple.product-type.tool";
		};
		A0BC03121496F7A9001D23FA /* ldapsearch-sync */ = {
			isa = PBXNativeTarget;
			buildConfigurationList = A0BC031D1496F7A9001D23FA /* Build configuration list for PBXNativeTarget "ldapsearch-sync" */;
			buildPhases = (
				A0BC030F1496F7A9001D23FA /* Sources */,
				A0BC03101496F7A9001D23FA /* Frameworks */,
				A0BC03111496F7A9001D23FA /* CopyFiles */,
			);
			buildRules = (
			);
			dependencies = (
			);
			name = "ldapsearch-sync";
			productName = "ldapsearch-sync";
			productReference = A0BC03131496F7A9001D23FA /* ldapsearch-sync */;
			productType = "com.apple.product-type.tool";
		};
		A0BC03261496F862001D23FA /* ldapsearch-async */ = {
			isa = PBXNativeTarget;
			buildConfigurationList = A0BC032E1496F862001D23FA /* Build configuration list for PBXNativeTarget "ldapsearch-async" */;
			buildPhases = (
				A0BC03231496F862001D23FA /* Sources */,
				A0BC03241496F862001D23FA /* Frameworks */,
				A0BC03251496F862001D23FA /* CopyFiles */,
			);
			buildRules = (
			);
			dependencies = (
			);
			name = "ldapsearch-async";
			productName = "ldapsearch-async";
			productReference = A0BC03271496F862001D23FA /* ldapsearch-async */;
			productType = "com.apple.product-type.tool";
		};
		A0F449E41530DC6800498BBB /* servercainfo */ = {
			isa = PBXNativeTarget;
			buildConfigurationList = A0F449EC1530DC6800498BBB /* Build configuration list for PBXNativeTarget "servercainfo" */;
			buildPhases = (
				A0F449E51530DC6800498BBB /* Sources */,
				A0F449E81530DC6800498BBB /* Frameworks */,
				A0F449EB1530DC6800498BBB /* CopyFiles */,
			);
			buildRules = (
			);
			dependencies = (
			);
			name = servercainfo;
			productName = peminfo;
			productReference = A0F449EF1530DC6800498BBB /* servercainfo */;
			productType = "com.apple.product-type.tool";
		};
/* End PBXNativeTarget section */

/* Begin PBXProject section */
		A024BFBF0EAE49DF007B6740 /* Project object */ = {
			isa = PBXProject;
			attributes = {
				LastUpgradeCheck = 0420;
			};
			buildConfigurationList = A024BFC20EAE49DF007B6740 /* Build configuration list for PBXProject "Spear" */;
			compatibilityVersion = "Xcode 3.2";
			developmentRegion = English;
			hasScannedForEncodings = 0;
			knownRegions = (
				English,
				Japanese,
				French,
				German,
			);
			mainGroup = A024BFBD0EAE49DF007B6740;
			productRefGroup = A0BC03141496F7A9001D23FA /* Products */;
			projectDirPath = "";
			projectRoot = "";
			targets = (
				A0ADAA701522FD5900FD191C /* ldapcacert */,
				A028020714F0997800095E98 /* ldapmodify-async */,
				A0BC03261496F862001D23FA /* ldapsearch-async */,
				A0BC03121496F7A9001D23FA /* ldapsearch-sync */,
				A02A233D14D625D1000B31C7 /* pipedopen */,
				A06B5C771510B2CB003189C2 /* peminfo */,
				A0F449E41530DC6800498BBB /* servercainfo */,
				A0A7523B151BEE6F00DCB366 /* servercertinfo */,
			);
		};
/* End PBXProject section */

/* Begin PBXSourcesBuildPhase section */
		A028020414F0997800095E98 /* Sources */ = {
			isa = PBXSourcesBuildPhase;
			buildActionMask = 2147483647;
			files = (
				A028021214F0999700095E98 /* ldapmodify-async.c in Sources */,
				A028021714F09E5D00095E98 /* ldapcommon.c in Sources */,
			);
			runOnlyForDeploymentPostprocessing = 0;
		};
		A02A233A14D625D1000B31C7 /* Sources */ = {
			isa = PBXSourcesBuildPhase;
			buildActionMask = 2147483647;
			files = (
				A02A234814D625E3000B31C7 /* pipedopen.c in Sources */,
			);
			runOnlyForDeploymentPostprocessing = 0;
		};
		A06B5C741510B2CB003189C2 /* Sources */ = {
			isa = PBXSourcesBuildPhase;
			buildActionMask = 2147483647;
			files = (
				A06B5C841510B2EA003189C2 /* peminfo.c in Sources */,
				A0BD68CB15213FE8009CEC85 /* common.c in Sources */,
			);
			runOnlyForDeploymentPostprocessing = 0;
		};
		A0A7523C151BEE6F00DCB366 /* Sources */ = {
			isa = PBXSourcesBuildPhase;
			buildActionMask = 2147483647;
			files = (
				A0A75247151BEE8200DCB366 /* servercertinfo.c in Sources */,
				A0BD68CC15213FE8009CEC85 /* common.c in Sources */,
			);
			runOnlyForDeploymentPostprocessing = 0;
		};
		A0ADAA711522FD5900FD191C /* Sources */ = {
			isa = PBXSourcesBuildPhase;
			buildActionMask = 2147483647;
			files = (
				A0ADAA7C1522FDA400FD191C /* ldappeerchain.c in Sources */,
			);
			runOnlyForDeploymentPostprocessing = 0;
		};
		A0BC030F1496F7A9001D23FA /* Sources */ = {
			isa = PBXSourcesBuildPhase;
			buildActionMask = 2147483647;
			files = (
				A0BC031E1496F829001D23FA /* ldapsearch-sync.c in Sources */,
			);
			runOnlyForDeploymentPostprocessing = 0;
		};
		A0BC03231496F862001D23FA /* Sources */ = {
			isa = PBXSourcesBuildPhase;
			buildActionMask = 2147483647;
			files = (
				A0BC03311496F878001D23FA /* ldapsearch-async.c in Sources */,
			);
			runOnlyForDeploymentPostprocessing = 0;
		};
		A0F449E51530DC6800498BBB /* Sources */ = {
			isa = PBXSourcesBuildPhase;
			buildActionMask = 2147483647;
			files = (
				A0F449F11530DC8900498BBB /* servercainfo.c in Sources */,
				A0F449E71530DC6800498BBB /* common.c in Sources */,
			);
			runOnlyForDeploymentPostprocessing = 0;
		};
/* End PBXSourcesBuildPhase section */

/* Begin XCBuildConfiguration section */
		A024BFC00EAE49DF007B6740 /* Debug */ = {
			isa = XCBuildConfiguration;
			buildSettings = {
				ARCHS = "$(ARCHS_STANDARD_32_64_BIT)";
				COPY_PHASE_STRIP = NO;
				GCC_VERSION = com.apple.compilers.llvm.clang.1_0;
				MACOSX_DEPLOYMENT_TARGET = 10.5;
			};
			name = Debug;
		};
		A024BFC10EAE49DF007B6740 /* Release */ = {
			isa = XCBuildConfiguration;
			buildSettings = {
				ARCHS = "$(ARCHS_STANDARD_32_64_BIT)";
				COPY_PHASE_STRIP = YES;
				GCC_VERSION = com.apple.compilers.llvm.clang.1_0;
				MACOSX_DEPLOYMENT_TARGET = 10.5;
			};
			name = Release;
		};
		A028021014F0997800095E98 /* Debug */ = {
			isa = XCBuildConfiguration;
			buildSettings = {
				ALWAYS_SEARCH_USER_PATHS = NO;
				ARCHS = "$(ARCHS_STANDARD_64_BIT)";
				GCC_C_LANGUAGE_STANDARD = gnu99;
				GCC_DYNAMIC_NO_PIC = NO;
				GCC_ENABLE_OBJC_EXCEPTIONS = YES;
				GCC_OPTIMIZATION_LEVEL = 0;
				GCC_PREPROCESSOR_DEFINITIONS = (
					"DEBUG=1",
					"$(inherited)",
				);
				GCC_SYMBOLS_PRIVATE_EXTERN = NO;
				GCC_WARN_64_TO_32_BIT_CONVERSION = YES;
				GCC_WARN_ABOUT_MISSING_PROTOTYPES = YES;
				GCC_WARN_ABOUT_RETURN_TYPE = YES;
				GCC_WARN_UNUSED_VARIABLE = YES;
				MACOSX_DEPLOYMENT_TARGET = 10.7;
				ONLY_ACTIVE_ARCH = YES;
				PRODUCT_NAME = "$(TARGET_NAME)";
				SDKROOT = macosx;
			};
			name = Debug;
		};
		A028021114F0997800095E98 /* Release */ = {
			isa = XCBuildConfiguration;
			buildSettings = {
				ALWAYS_SEARCH_USER_PATHS = NO;
				ARCHS = "$(ARCHS_STANDARD_64_BIT)";
				DEBUG_INFORMATION_FORMAT = "dwarf-with-dsym";
				GCC_C_LANGUAGE_STANDARD = gnu99;
				GCC_ENABLE_OBJC_EXCEPTIONS = YES;
				GCC_WARN_64_TO_32_BIT_CONVERSION = YES;
				GCC_WARN_ABOUT_MISSING_PROTOTYPES = YES;
				GCC_WARN_ABOUT_RETURN_TYPE = YES;
				GCC_WARN_UNUSED_VARIABLE = YES;
				MACOSX_DEPLOYMENT_TARGET = 10.7;
				PRODUCT_NAME = "$(TARGET_NAME)";
				SDKROOT = macosx;
			};
			name = Release;
		};
		A02A234614D625D1000B31C7 /* Debug */ = {
			isa = XCBuildConfiguration;
			buildSettings = {
				ALWAYS_SEARCH_USER_PATHS = NO;
				ARCHS = "$(ARCHS_STANDARD_64_BIT)";
				GCC_C_LANGUAGE_STANDARD = gnu99;
				GCC_DYNAMIC_NO_PIC = NO;
				GCC_ENABLE_OBJC_EXCEPTIONS = YES;
				GCC_OPTIMIZATION_LEVEL = 0;
				GCC_PREPROCESSOR_DEFINITIONS = (
					"DEBUG=1",
					"$(inherited)",
				);
				GCC_SYMBOLS_PRIVATE_EXTERN = NO;
				GCC_WARN_64_TO_32_BIT_CONVERSION = YES;
				GCC_WARN_ABOUT_MISSING_PROTOTYPES = YES;
				GCC_WARN_ABOUT_RETURN_TYPE = YES;
				GCC_WARN_UNUSED_VARIABLE = YES;
				MACOSX_DEPLOYMENT_TARGET = 10.7;
				ONLY_ACTIVE_ARCH = YES;
				PRODUCT_NAME = "$(TARGET_NAME)";
				SDKROOT = macosx;
			};
			name = Debug;
		};
		A02A234714D625D1000B31C7 /* Release */ = {
			isa = XCBuildConfiguration;
			buildSettings = {
				ALWAYS_SEARCH_USER_PATHS = NO;
				ARCHS = "$(ARCHS_STANDARD_64_BIT)";
				DEBUG_INFORMATION_FORMAT = "dwarf-with-dsym";
				GCC_C_LANGUAGE_STANDARD = gnu99;
				GCC_ENABLE_OBJC_EXCEPTIONS = YES;
				GCC_WARN_64_TO_32_BIT_CONVERSION = YES;
				GCC_WARN_ABOUT_MISSING_PROTOTYPES = YES;
				GCC_WARN_ABOUT_RETURN_TYPE = YES;
				GCC_WARN_UNUSED_VARIABLE = YES;
				MACOSX_DEPLOYMENT_TARGET = 10.7;
				PRODUCT_NAME = "$(TARGET_NAME)";
				SDKROOT = macosx;
			};
			name = Release;
		};
		A06B5C801510B2CB003189C2 /* Debug */ = {
			isa = XCBuildConfiguration;
			buildSettings = {
				ALWAYS_SEARCH_USER_PATHS = NO;
				ARCHS = "$(ARCHS_STANDARD_64_BIT)";
				GCC_C_LANGUAGE_STANDARD = gnu99;
				GCC_DYNAMIC_NO_PIC = NO;
				GCC_ENABLE_OBJC_EXCEPTIONS = YES;
				GCC_OPTIMIZATION_LEVEL = 0;
				GCC_PREPROCESSOR_DEFINITIONS = (
					"DEBUG=1",
					"$(inherited)",
				);
				GCC_SYMBOLS_PRIVATE_EXTERN = NO;
				GCC_WARN_64_TO_32_BIT_CONVERSION = YES;
				GCC_WARN_ABOUT_DEPRECATED_FUNCTIONS = NO;
				GCC_WARN_ABOUT_RETURN_TYPE = YES;
				GCC_WARN_UNINITIALIZED_AUTOS = YES;
				GCC_WARN_UNUSED_VARIABLE = YES;
				MACOSX_DEPLOYMENT_TARGET = 10.7;
				ONLY_ACTIVE_ARCH = YES;
				PRODUCT_NAME = "$(TARGET_NAME)";
				SDKROOT = macosx;
			};
			name = Debug;
		};
		A06B5C811510B2CB003189C2 /* Release */ = {
			isa = XCBuildConfiguration;
			buildSettings = {
				ALWAYS_SEARCH_USER_PATHS = NO;
				ARCHS = "$(ARCHS_STANDARD_64_BIT)";
				DEBUG_INFORMATION_FORMAT = "dwarf-with-dsym";
				GCC_C_LANGUAGE_STANDARD = gnu99;
				GCC_ENABLE_OBJC_EXCEPTIONS = YES;
				GCC_WARN_64_TO_32_BIT_CONVERSION = YES;
				GCC_WARN_ABOUT_DEPRECATED_FUNCTIONS = NO;
				GCC_WARN_ABOUT_RETURN_TYPE = YES;
				GCC_WARN_UNINITIALIZED_AUTOS = YES;
				GCC_WARN_UNUSED_VARIABLE = YES;
				MACOSX_DEPLOYMENT_TARGET = 10.7;
				PRODUCT_NAME = "$(TARGET_NAME)";
				SDKROOT = macosx;
			};
			name = Release;
		};
		A0A75243151BEE6F00DCB366 /* Debug */ = {
			isa = XCBuildConfiguration;
			buildSettings = {
				ALWAYS_SEARCH_USER_PATHS = NO;
				ARCHS = "$(ARCHS_STANDARD_64_BIT)";
				GCC_C_LANGUAGE_STANDARD = gnu99;
				GCC_DYNAMIC_NO_PIC = NO;
				GCC_ENABLE_OBJC_EXCEPTIONS = YES;
				GCC_OPTIMIZATION_LEVEL = 0;
				GCC_PREPROCESSOR_DEFINITIONS = (
					"DEBUG=1",
					"$(inherited)",
				);
				GCC_SYMBOLS_PRIVATE_EXTERN = NO;
				GCC_WARN_64_TO_32_BIT_CONVERSION = YES;
				GCC_WARN_ABOUT_DEPRECATED_FUNCTIONS = NO;
				GCC_WARN_ABOUT_RETURN_TYPE = YES;
				GCC_WARN_UNINITIALIZED_AUTOS = YES;
				GCC_WARN_UNUSED_VARIABLE = YES;
				MACOSX_DEPLOYMENT_TARGET = 10.7;
				ONLY_ACTIVE_ARCH = YES;
				PRODUCT_NAME = servercertinfo;
				SDKROOT = macosx;
			};
			name = Debug;
		};
		A0A75244151BEE6F00DCB366 /* Release */ = {
			isa = XCBuildConfiguration;
			buildSettings = {
				ALWAYS_SEARCH_USER_PATHS = NO;
				ARCHS = "$(ARCHS_STANDARD_64_BIT)";
				DEBUG_INFORMATION_FORMAT = "dwarf-with-dsym";
				GCC_C_LANGUAGE_STANDARD = gnu99;
				GCC_ENABLE_OBJC_EXCEPTIONS = YES;
				GCC_WARN_64_TO_32_BIT_CONVERSION = YES;
				GCC_WARN_ABOUT_DEPRECATED_FUNCTIONS = NO;
				GCC_WARN_ABOUT_RETURN_TYPE = YES;
				GCC_WARN_UNINITIALIZED_AUTOS = YES;
				GCC_WARN_UNUSED_VARIABLE = YES;
				MACOSX_DEPLOYMENT_TARGET = 10.7;
				PRODUCT_NAME = servercertinfo;
				SDKROOT = macosx;
			};
			name = Release;
		};
		A0ADAA781522FD5900FD191C /* Debug */ = {
			isa = XCBuildConfiguration;
			buildSettings = {
				ALWAYS_SEARCH_USER_PATHS = NO;
				GCC_C_LANGUAGE_STANDARD = gnu99;
				GCC_DYNAMIC_NO_PIC = NO;
				GCC_ENABLE_OBJC_EXCEPTIONS = YES;
				GCC_OPTIMIZATION_LEVEL = 0;
				GCC_PREPROCESSOR_DEFINITIONS = (
					"DEBUG=1",
					"$(inherited)",
				);
				GCC_SYMBOLS_PRIVATE_EXTERN = NO;
				GCC_WARN_64_TO_32_BIT_CONVERSION = YES;
				GCC_WARN_ABOUT_DEPRECATED_FUNCTIONS = NO;
				GCC_WARN_ABOUT_MISSING_PROTOTYPES = YES;
				GCC_WARN_ABOUT_RETURN_TYPE = YES;
				GCC_WARN_UNUSED_VARIABLE = YES;
				LIBRARY_SEARCH_PATHS = (
					"$(inherited)",
					"\"$(SYSTEM_APPS_DIR)/Xcode.app/Contents/Developer/Platforms/MacOSX.platform/Developer/SDKs/MacOSX10.7.sdk/usr/lib\"",
				);
				MACOSX_DEPLOYMENT_TARGET = 10.7;
				PRODUCT_NAME = ldapcacert;
			};
			name = Debug;
		};
		A0ADAA791522FD5900FD191C /* Release */ = {
			isa = XCBuildConfiguration;
			buildSettings = {
				ALWAYS_SEARCH_USER_PATHS = NO;
				DEBUG_INFORMATION_FORMAT = "dwarf-with-dsym";
				GCC_C_LANGUAGE_STANDARD = gnu99;
				GCC_ENABLE_OBJC_EXCEPTIONS = YES;
				GCC_WARN_64_TO_32_BIT_CONVERSION = YES;
				GCC_WARN_ABOUT_DEPRECATED_FUNCTIONS = NO;
				GCC_WARN_ABOUT_MISSING_PROTOTYPES = YES;
				GCC_WARN_ABOUT_RETURN_TYPE = YES;
				GCC_WARN_UNUSED_VARIABLE = YES;
				LIBRARY_SEARCH_PATHS = (
					"$(inherited)",
					"\"$(SYSTEM_APPS_DIR)/Xcode.app/Contents/Developer/Platforms/MacOSX.platform/Developer/SDKs/MacOSX10.7.sdk/usr/lib\"",
				);
				MACOSX_DEPLOYMENT_TARGET = 10.7;
				PRODUCT_NAME = ldapcacert;
			};
			name = Release;
		};
		A0BC031B1496F7A9001D23FA /* Debug */ = {
			isa = XCBuildConfiguration;
			buildSettings = {
				ALWAYS_SEARCH_USER_PATHS = NO;
				GCC_C_LANGUAGE_STANDARD = gnu99;
				GCC_DYNAMIC_NO_PIC = NO;
				GCC_ENABLE_OBJC_EXCEPTIONS = YES;
				GCC_OPTIMIZATION_LEVEL = 0;
				GCC_PREPROCESSOR_DEFINITIONS = (
					"DEBUG=1",
					"$(inherited)",
				);
				GCC_SYMBOLS_PRIVATE_EXTERN = NO;
				GCC_WARN_64_TO_32_BIT_CONVERSION = YES;
				GCC_WARN_ABOUT_MISSING_PROTOTYPES = YES;
				GCC_WARN_ABOUT_RETURN_TYPE = YES;
				GCC_WARN_UNUSED_VARIABLE = YES;
				MACOSX_DEPLOYMENT_TARGET = 10.7;
				PRODUCT_NAME = "$(TARGET_NAME)";
			};
			name = Debug;
		};
		A0BC031C1496F7A9001D23FA /* Release */ = {
			isa = XCBuildConfiguration;
			buildSettings = {
				ALWAYS_SEARCH_USER_PATHS = NO;
				DEBUG_INFORMATION_FORMAT = "dwarf-with-dsym";
				GCC_C_LANGUAGE_STANDARD = gnu99;
				GCC_ENABLE_OBJC_EXCEPTIONS = YES;
				GCC_WARN_64_TO_32_BIT_CONVERSION = YES;
				GCC_WARN_ABOUT_MISSING_PROTOTYPES = YES;
				GCC_WARN_ABOUT_RETURN_TYPE = YES;
				GCC_WARN_UNUSED_VARIABLE = YES;
				MACOSX_DEPLOYMENT_TARGET = 10.7;
				PRODUCT_NAME = "$(TARGET_NAME)";
			};
			name = Release;
		};
		A0BC032F1496F862001D23FA /* Debug */ = {
			isa = XCBuildConfiguration;
			buildSettings = {
				ALWAYS_SEARCH_USER_PATHS = NO;
				ARCHS = "$(ARCHS_STANDARD_64_BIT)";
				GCC_C_LANGUAGE_STANDARD = gnu99;
				GCC_DYNAMIC_NO_PIC = NO;
				GCC_ENABLE_OBJC_EXCEPTIONS = YES;
				GCC_OPTIMIZATION_LEVEL = 0;
				GCC_PREPROCESSOR_DEFINITIONS = (
					"DEBUG=1",
					"$(inherited)",
				);
				GCC_SYMBOLS_PRIVATE_EXTERN = NO;
				GCC_WARN_64_TO_32_BIT_CONVERSION = YES;
				GCC_WARN_ABOUT_MISSING_PROTOTYPES = YES;
				GCC_WARN_ABOUT_RETURN_TYPE = YES;
				GCC_WARN_UNUSED_VARIABLE = YES;
				MACOSX_DEPLOYMENT_TARGET = 10.7;
				ONLY_ACTIVE_ARCH = YES;
				PRODUCT_NAME = "$(TARGET_NAME)";
				SDKROOT = macosx;
			};
			name = Debug;
		};
		A0BC03301496F862001D23FA /* Release */ = {
			isa = XCBuildConfiguration;
			buildSettings = {
				ALWAYS_SEARCH_USER_PATHS = NO;
				ARCHS = "$(ARCHS_STANDARD_64_BIT)";
				DEBUG_INFORMATION_FORMAT = "dwarf-with-dsym";
				GCC_C_LANGUAGE_STANDARD = gnu99;
				GCC_ENABLE_OBJC_EXCEPTIONS = YES;
				GCC_WARN_64_TO_32_BIT_CONVERSION = YES;
				GCC_WARN_ABOUT_MISSING_PROTOTYPES = YES;
				GCC_WARN_ABOUT_RETURN_TYPE = YES;
				GCC_WARN_UNUSED_VARIABLE = YES;
				MACOSX_DEPLOYMENT_TARGET = 10.7;
				PRODUCT_NAME = "$(TARGET_NAME)";
				SDKROOT = macosx;
			};
			name = Release;
		};
		A0F449ED1530DC6800498BBB /* Debug */ = {
			isa = XCBuildConfiguration;
			buildSettings = {
				ALWAYS_SEARCH_USER_PATHS = NO;
				ARCHS = "$(ARCHS_STANDARD_64_BIT)";
				GCC_C_LANGUAGE_STANDARD = gnu99;
				GCC_DYNAMIC_NO_PIC = NO;
				GCC_ENABLE_OBJC_EXCEPTIONS = YES;
				GCC_OPTIMIZATION_LEVEL = 0;
				GCC_PREPROCESSOR_DEFINITIONS = (
					"DEBUG=1",
					"$(inherited)",
				);
				GCC_SYMBOLS_PRIVATE_EXTERN = NO;
				GCC_WARN_64_TO_32_BIT_CONVERSION = YES;
				GCC_WARN_ABOUT_DEPRECATED_FUNCTIONS = NO;
				GCC_WARN_ABOUT_RETURN_TYPE = YES;
				GCC_WARN_UNINITIALIZED_AUTOS = YES;
				GCC_WARN_UNUSED_VARIABLE = YES;
				MACOSX_DEPLOYMENT_TARGET = 10.7;
				ONLY_ACTIVE_ARCH = YES;
				PRODUCT_NAME = servercainfo;
				SDKROOT = macosx;
			};
			name = Debug;
		};
		A0F449EE1530DC6800498BBB /* Release */ = {
			isa = XCBuildConfiguration;
			buildSettings = {
				ALWAYS_SEARCH_USER_PATHS = NO;
				ARCHS = "$(ARCHS_STANDARD_64_BIT)";
				DEBUG_INFORMATION_FORMAT = "dwarf-with-dsym";
				GCC_C_LANGUAGE_STANDARD = gnu99;
				GCC_ENABLE_OBJC_EXCEPTIONS = YES;
				GCC_WARN_64_TO_32_BIT_CONVERSION = YES;
				GCC_WARN_ABOUT_DEPRECATED_FUNCTIONS = NO;
				GCC_WARN_ABOUT_RETURN_TYPE = YES;
				GCC_WARN_UNINITIALIZED_AUTOS = YES;
				GCC_WARN_UNUSED_VARIABLE = YES;
				MACOSX_DEPLOYMENT_TARGET = 10.7;
				PRODUCT_NAME = servercainfo;
				SDKROOT = macosx;
			};
			name = Release;
		};
/* End XCBuildConfiguration section */

/* Begin XCConfigurationList section */
		A024BFC20EAE49DF007B6740 /* Build configuration list for PBXProject "Spear" */ = {
			isa = XCConfigurationList;
			buildConfigurations = (
				A024BFC00EAE49DF007B6740 /* Debug */,
				A024BFC10EAE49DF007B6740 /* Release */,
			);
			defaultConfigurationIsVisible = 0;
			defaultConfigurationName = Release;
		};
		A028020F14F0997800095E98 /* Build configuration list for PBXNativeTarget "ldapmodify-async" */ = {
			isa = XCConfigurationList;
			buildConfigurations = (
				A028021014F0997800095E98 /* Debug */,
				A028021114F0997800095E98 /* Release */,
			);
			defaultConfigurationIsVisible = 0;
			defaultConfigurationName = Release;
		};
		A02A234514D625D1000B31C7 /* Build configuration list for PBXNativeTarget "pipedopen" */ = {
			isa = XCConfigurationList;
			buildConfigurations = (
				A02A234614D625D1000B31C7 /* Debug */,
				A02A234714D625D1000B31C7 /* Release */,
			);
			defaultConfigurationIsVisible = 0;
			defaultConfigurationName = Release;
		};
		A06B5C7F1510B2CB003189C2 /* Build configuration list for PBXNativeTarget "peminfo" */ = {
			isa = XCConfigurationList;
			buildConfigurations = (
				A06B5C801510B2CB003189C2 /* Debug */,
				A06B5C811510B2CB003189C2 /* Release */,
			);
			defaultConfigurationIsVisible = 0;
			defaultConfigurationName = Release;
		};
		A0A75242151BEE6F00DCB366 /* Build configuration list for PBXNativeTarget "servercertinfo" */ = {
			isa = XCConfigurationList;
			buildConfigurations = (
				A0A75243151BEE6F00DCB366 /* Debug */,
				A0A75244151BEE6F00DCB366 /* Release */,
			);
			defaultConfigurationIsVisible = 0;
			defaultConfigurationName = Release;
		};
		A0ADAA771522FD5900FD191C /* Build configuration list for PBXNativeTarget "ldapcacert" */ = {
			isa = XCConfigurationList;
			buildConfigurations = (
				A0ADAA781522FD5900FD191C /* Debug */,
				A0ADAA791522FD5900FD191C /* Release */,
			);
			defaultConfigurationIsVisible = 0;
			defaultConfigurationName = Release;
		};
		A0BC031D1496F7A9001D23FA /* Build configuration list for PBXNativeTarget "ldapsearch-sync" */ = {
			isa = XCConfigurationList;
			buildConfigurations = (
				A0BC031B1496F7A9001D23FA /* Debug */,
				A0BC031C1496F7A9001D23FA /* Release */,
			);
			defaultConfigurationIsVisible = 0;
			defaultConfigurationName = Release;
		};
		A0BC032E1496F862001D23FA /* Build configuration list for PBXNativeTarget "ldapsearch-async" */ = {
			isa = XCConfigurationList;
			buildConfigurations = (
				A0BC032F1496F862001D23FA /* Debug */,
				A0BC03301496F862001D23FA /* Release */,
			);
			defaultConfigurationIsVisible = 0;
			defaultConfigurationName = Release;
		};
		A0F449EC1530DC6800498BBB /* Build configuration list for PBXNativeTarget "servercainfo" */ = {
			isa = XCConfigurationList;
			buildConfigurations = (
				A0F449ED1530DC6800498BBB /* Debug */,
				A0F449EE1530DC6800498BBB /* Release */,
			);
			defaultConfigurationIsVisible = 0;
			defaultConfigurationName = Release;
		};
/* End XCConfigurationList section */
	};
	rootObject = A024BFBF0EAE49DF007B6740 /* Project object */;
}
