// !$*UTF8*$!
{
	archiveVersion = 1;
	classes = {
	};
	objectVersion = 42;
	objects = {

/* Begin PBXFileReference section */
		A024BFD80EAE4ACF007B6740 /* acinclude.m4 */ = {isa = PBXFileReference; explicitFileType = text.script.sh; fileEncoding = 4; indentWidth = 3; path = acinclude.m4; sourceTree = "<group>"; tabWidth = 8; usesTabs = 1; };
		A024BFD90EAE4ACF007B6740 /* AUTHORS */ = {isa = PBXFileReference; fileEncoding = 4; lastKnownFileType = text; path = AUTHORS; sourceTree = "<group>"; };
		A024BFDA0EAE4ACF007B6740 /* ChangeLog */ = {isa = PBXFileReference; fileEncoding = 4; indentWidth = 8; lastKnownFileType = text; path = ChangeLog; sourceTree = "<group>"; tabWidth = 8; usesTabs = 1; };
		A024BFDB0EAE4ACF007B6740 /* configure.ac */ = {isa = PBXFileReference; explicitFileType = text.script.sh; fileEncoding = 4; indentWidth = 8; path = configure.ac; sourceTree = "<group>"; tabWidth = 8; usesTabs = 1; };
		A024BFDC0EAE4ACF007B6740 /* COPYING */ = {isa = PBXFileReference; fileEncoding = 4; lastKnownFileType = text; path = COPYING; sourceTree = "<group>"; };
		A024BFDE0EAE4ACF007B6740 /* Makefile.am */ = {isa = PBXFileReference; explicitFileType = sourcecode.make; fileEncoding = 4; indentWidth = 8; path = Makefile.am; sourceTree = "<group>"; tabWidth = 8; };
		A024BFDF0EAE4ACF007B6740 /* NEWS */ = {isa = PBXFileReference; fileEncoding = 4; lastKnownFileType = text; path = NEWS; sourceTree = "<group>"; };
		A024BFE00EAE4ACF007B6740 /* README */ = {isa = PBXFileReference; fileEncoding = 4; lastKnownFileType = text; path = README; sourceTree = "<group>"; };
		A0B9EB3A12CA9FB10012747E /* Makefile */ = {isa = PBXFileReference; fileEncoding = 4; indentWidth = 8; lastKnownFileType = sourcecode.make; path = Makefile; sourceTree = "<group>"; tabWidth = 8; };
		A0B9EB3B12CA9FB10012747E /* ldapcommon.c */ = {isa = PBXFileReference; fileEncoding = 4; lastKnownFileType = sourcecode.c.c; path = ldapcommon.c; sourceTree = "<group>"; };
		A0B9EB3C12CA9FB10012747E /* ldapcommon.h */ = {isa = PBXFileReference; fileEncoding = 4; lastKnownFileType = sourcecode.c.h; path = ldapcommon.h; sourceTree = "<group>"; };
		A0B9EB3D12CA9FB10012747E /* ldapsearch.c */ = {isa = PBXFileReference; fileEncoding = 4; lastKnownFileType = sourcecode.c.c; path = ldapsearch.c; sourceTree = "<group>"; };
/* End PBXFileReference section */

/* Begin PBXGroup section */
		A024BFBD0EAE49DF007B6740 = {
			isa = PBXGroup;
			children = (
				A024BFD90EAE4ACF007B6740 /* AUTHORS */,
				A024BFDA0EAE4ACF007B6740 /* ChangeLog */,
				A024BFDC0EAE4ACF007B6740 /* COPYING */,
				A024BFDF0EAE4ACF007B6740 /* NEWS */,
				A024BFE00EAE4ACF007B6740 /* README */,
				A024BFD80EAE4ACF007B6740 /* acinclude.m4 */,
				A024BFDB0EAE4ACF007B6740 /* configure.ac */,
				A024BFDE0EAE4ACF007B6740 /* Makefile.am */,
				A0B9E9A712CA95B00012747E /* src */,
			);
			sourceTree = "<group>";
		};
		A0B9E9A712CA95B00012747E /* src */ = {
			isa = PBXGroup;
			children = (
				A0B9EAF812CA95B00012747E /* lang */,
				A0B9EB0112CA95B00012747E /* sdk */,
			);
			path = src;
			sourceTree = "<group>";
		};
		A0B9EAF812CA95B00012747E /* lang */ = {
			isa = PBXGroup;
			children = (
				A0B9EAF912CA95B00012747E /* c */,
				A0B9EAFB12CA95B00012747E /* objc */,
				A0B9EAFD12CA95B00012747E /* perl */,
				A0B9EAFF12CA95B00012747E /* sh */,
			);
			path = lang;
			sourceTree = "<group>";
		};
		A0B9EAF912CA95B00012747E /* c */ = {
			isa = PBXGroup;
			children = (
			);
			path = c;
			sourceTree = "<group>";
		};
		A0B9EAFB12CA95B00012747E /* objc */ = {
			isa = PBXGroup;
			children = (
			);
			path = objc;
			sourceTree = "<group>";
		};
		A0B9EAFD12CA95B00012747E /* perl */ = {
			isa = PBXGroup;
			children = (
			);
			path = perl;
			sourceTree = "<group>";
		};
		A0B9EAFF12CA95B00012747E /* sh */ = {
			isa = PBXGroup;
			children = (
			);
			path = sh;
			sourceTree = "<group>";
		};
		A0B9EB0112CA95B00012747E /* sdk */ = {
			isa = PBXGroup;
			children = (
				A0B9EB3912CA9FB10012747E /* openldap */,
			);
			path = sdk;
			sourceTree = "<group>";
		};
		A0B9EB3912CA9FB10012747E /* openldap */ = {
			isa = PBXGroup;
			children = (
				A0B9EB3A12CA9FB10012747E /* Makefile */,
				A0B9EB3B12CA9FB10012747E /* ldapcommon.c */,
				A0B9EB3C12CA9FB10012747E /* ldapcommon.h */,
				A0B9EB3D12CA9FB10012747E /* ldapsearch.c */,
			);
			path = openldap;
			sourceTree = "<group>";
		};
/* End PBXGroup section */

/* Begin PBXProject section */
		A024BFBF0EAE49DF007B6740 /* Project object */ = {
			isa = PBXProject;
			buildConfigurationList = A024BFC20EAE49DF007B6740 /* Build configuration list for PBXProject "Spear" */;
			compatibilityVersion = "Xcode 2.4";
			developmentRegion = English;
			hasScannedForEncodings = 0;
			knownRegions = (
				English,
				Japanese,
				French,
				German,
			);
			mainGroup = A024BFBD0EAE49DF007B6740;
			projectDirPath = "";
			projectRoot = "";
			targets = (
			);
		};
/* End PBXProject section */

/* Begin XCBuildConfiguration section */
		A024BFC00EAE49DF007B6740 /* Debug */ = {
			isa = XCBuildConfiguration;
			buildSettings = {
				COPY_PHASE_STRIP = NO;
			};
			name = Debug;
		};
		A024BFC10EAE49DF007B6740 /* Release */ = {
			isa = XCBuildConfiguration;
			buildSettings = {
				COPY_PHASE_STRIP = YES;
			};
			name = Release;
		};
/* End XCBuildConfiguration section */

/* Begin XCConfigurationList section */
		A024BFC20EAE49DF007B6740 /* Build configuration list for PBXProject "Spear" */ = {
			isa = XCConfigurationList;
			buildConfigurations = (
				A024BFC00EAE49DF007B6740 /* Debug */,
				A024BFC10EAE49DF007B6740 /* Release */,
			);
			defaultConfigurationIsVisible = 0;
			defaultConfigurationName = Release;
		};
/* End XCConfigurationList section */
	};
	rootObject = A024BFBF0EAE49DF007B6740 /* Project object */;
}
